
Microsoft Visual Studio Solution File, Format Version 12.00
# Visual Studio 14
VisualStudioVersion = 14.0.25420.1
MinimumVisualStudioVersion = 10.0.40219.1
Project("{FAE04EC0-301F-11D3-BF4B-00C04F79EFBC}") = "Plugin.Iconize", "Plugin.Iconize\Plugin.Iconize.csproj", "{B0387056-24F4-4421-8B49-B78A2CEDC19E}"
EndProject
Project("{2150E333-8FDC-42A3-9474-1A3956D46DE8}") = "Material", "Material", "{DBBF9839-EDF4-4A00-A29D-96F82B5DB61A}"
	ProjectSection(SolutionItems) = preProject
		Fonts\Material\README.md = Fonts\Material\README.md
	EndProjectSection
EndProject
Project("{2150E333-8FDC-42A3-9474-1A3956D46DE8}") = "FontAwesome", "FontAwesome", "{E3ABDC0D-2ECC-4F4E-AA12-B17716231C90}"
	ProjectSection(SolutionItems) = preProject
		Fonts\FontAwesome\README.md = Fonts\FontAwesome\README.md
	EndProjectSection
EndProject
Project("{FAE04EC0-301F-11D3-BF4B-00C04F79EFBC}") = "Plugin.Iconize.iOS", "Plugin.Iconize.iOS\Plugin.Iconize.iOS.csproj", "{9720EF44-ABA5-422D-A9BF-30CE32D32B4E}"
EndProject
Project("{FAE04EC0-301F-11D3-BF4B-00C04F79EFBC}") = "FormsPlugin.Iconize", "FormsPlugin.Iconize\FormsPlugin.Iconize.csproj", "{67F9D3A8-F71E-4428-913F-C37AE82CDB24}"
EndProject
Project("{FAE04EC0-301F-11D3-BF4B-00C04F79EFBC}") = "FormsPlugin.Iconize.iOS", "FormsPlugin.Iconize.iOS\FormsPlugin.Iconize.iOS.csproj", "{F8DE1721-E899-490B-9849-FC261FFC3488}"
EndProject
Project("{2150E333-8FDC-42A3-9474-1A3956D46DE8}") = "Fonts", "Fonts", "{D6D0FEFE-EB75-4AF8-91AE-786886C9C1B5}"
EndProject
Project("{FAE04EC0-301F-11D3-BF4B-00C04F79EFBC}") = "Plugin.Iconize.FontAwesome.iOS", "Fonts\FontAwesome\Plugin.Iconize.FontAwesome.iOS\Plugin.Iconize.FontAwesome.iOS.csproj", "{8956329E-2087-41C7-9273-76900B0A217A}"
EndProject
Project("{FAE04EC0-301F-11D3-BF4B-00C04F79EFBC}") = "Plugin.Iconize.Material.iOS", "Fonts\Material\Plugin.Iconize.Material.iOS\Plugin.Iconize.Material.iOS.csproj", "{17F95D3F-8E66-4E15-AB16-9A537901321D}"
EndProject
Project("{2150E333-8FDC-42A3-9474-1A3956D46DE8}") = "Typicons", "Typicons", "{52FF5DEF-7C63-4C7C-A3D2-D8D90222B44E}"
	ProjectSection(SolutionItems) = preProject
		Fonts\Typicons\README.md = Fonts\Typicons\README.md
	EndProjectSection
EndProject
Project("{FAE04EC0-301F-11D3-BF4B-00C04F79EFBC}") = "Plugin.Iconize.Typicons.iOS", "Fonts\Typicons\Plugin.Iconize.Typicons.iOS\Plugin.Iconize.Typicons.iOS.csproj", "{9BE2C151-3510-4B48-89D3-3A7CADD8B804}"
EndProject
Project("{2150E333-8FDC-42A3-9474-1A3956D46DE8}") = "Meteocons", "Meteocons", "{8607C471-BAF3-427E-910A-23D3A1AA6FEE}"
	ProjectSection(SolutionItems) = preProject
		Fonts\Meteocons\README.md = Fonts\Meteocons\README.md
	EndProjectSection
EndProject
Project("{FAE04EC0-301F-11D3-BF4B-00C04F79EFBC}") = "Plugin.Iconize.Meteocons.iOS", "Fonts\Meteocons\Plugin.Iconize.Meteocons.iOS\Plugin.Iconize.Meteocons.iOS.csproj", "{DC12F793-3335-4054-874B-B52B8AE693B6}"
EndProject
Project("{2150E333-8FDC-42A3-9474-1A3956D46DE8}") = "Solution Items", "Solution Items", "{8B51F1D6-B81C-4C00-BA9F-E6ADB1132C73}"
	ProjectSection(SolutionItems) = preProject
		appveyor.yml = appveyor.yml
		build.cake = build.cake
		build.ps1 = build.ps1
		install-android-sdk.ps1 = install-android-sdk.ps1
		LICENSE = LICENSE
		README.md = README.md
	EndProjectSection
EndProject
Project("{2150E333-8FDC-42A3-9474-1A3956D46DE8}") = "Ionicons", "Ionicons", "{B04A2021-0569-4552-9A98-2717BA1A2FE6}"
	ProjectSection(SolutionItems) = preProject
		Fonts\Ionicons\README.md = Fonts\Ionicons\README.md
	EndProjectSection
EndProject
Project("{FAE04EC0-301F-11D3-BF4B-00C04F79EFBC}") = "Plugin.Iconize.Ionicons.iOS", "Fonts\Ionicons\Plugin.Iconize.Ionicons.iOS\Plugin.Iconize.Ionicons.iOS.csproj", "{9C1AD7CA-B144-4513-B8AB-AB9EF991E122}"
EndProject
Project("{2150E333-8FDC-42A3-9474-1A3956D46DE8}") = "WeatherIcons", "WeatherIcons", "{7D652CE8-5A35-49EB-ABA0-39302F3B967F}"
	ProjectSection(SolutionItems) = preProject
		Fonts\WeatherIcons\README.md = Fonts\WeatherIcons\README.md
	EndProjectSection
EndProject
Project("{FAE04EC0-301F-11D3-BF4B-00C04F79EFBC}") = "Plugin.Iconize.WeatherIcons.iOS", "Fonts\WeatherIcons\Plugin.Iconize.WeatherIcons.iOS\Plugin.Iconize.WeatherIcons.iOS.csproj", "{444C4EA5-608F-4C9E-82D3-6750C846F0E7}"
EndProject
Project("{2150E333-8FDC-42A3-9474-1A3956D46DE8}") = "SimpleLineIcons", "SimpleLineIcons", "{104CDEBB-6872-457C-BDEE-DE9161AA40E9}"
	ProjectSection(SolutionItems) = preProject
		Fonts\SimpleLineIcons\README.md = Fonts\SimpleLineIcons\README.md
	EndProjectSection
EndProject
Project("{FAE04EC0-301F-11D3-BF4B-00C04F79EFBC}") = "Plugin.Iconize.SimpleLineIcons.iOS", "Fonts\SimpleLineIcons\Plugin.Iconize.SimpleLineIcons.iOS\Plugin.Iconize.SimpleLineIcons.iOS.csproj", "{DC4B2B3E-2BD9-4750-95E1-FAF485D5C394}"
EndProject
Project("{2150E333-8FDC-42A3-9474-1A3956D46DE8}") = "Entypo+", "Entypo+", "{1FBDCDD1-3559-43D1-A32F-2F8CEEA72116}"
	ProjectSection(SolutionItems) = preProject
		Fonts\Entypo+\README.md = Fonts\Entypo+\README.md
	EndProjectSection
EndProject
Project("{FAE04EC0-301F-11D3-BF4B-00C04F79EFBC}") = "Plugin.Iconize.EntypoPlus.iOS", "Fonts\Entypo+\Plugin.Iconize.EntypoPlus.iOS\Plugin.Iconize.EntypoPlus.iOS.csproj", "{ECA521F1-372C-4841-9B7E-86F1D612938E}"
EndProject
Project("{FAE04EC0-301F-11D3-BF4B-00C04F79EFBC}") = "Plugin.Iconize.Droid", "Plugin.Iconize.Droid\Plugin.Iconize.Droid.csproj", "{318A7D0F-5E8F-4CFE-BE13-7DCA1235E0AE}"
EndProject
Project("{FAE04EC0-301F-11D3-BF4B-00C04F79EFBC}") = "FormsPlugin.Iconize.Droid", "FormsPlugin.Iconize.Droid\FormsPlugin.Iconize.Droid.csproj", "{B1859A31-9087-4AB9-9B9D-A0DF28C1678D}"
EndProject
Project("{FAE04EC0-301F-11D3-BF4B-00C04F79EFBC}") = "Plugin.Iconize.WeatherIcons.Droid", "Fonts\WeatherIcons\Plugin.Iconize.WeatherIcons.Droid\Plugin.Iconize.WeatherIcons.Droid.csproj", "{D19DAA47-6696-40F4-8D7C-591A16D3991E}"
EndProject
Project("{FAE04EC0-301F-11D3-BF4B-00C04F79EFBC}") = "Plugin.Iconize.Typicons.Droid", "Fonts\Typicons\Plugin.Iconize.Typicons.Droid\Plugin.Iconize.Typicons.Droid.csproj", "{C8FE4F23-70B6-475D-9B87-BD655B8CD22D}"
EndProject
Project("{FAE04EC0-301F-11D3-BF4B-00C04F79EFBC}") = "Plugin.Iconize.SimpleLineIcons.Droid", "Fonts\SimpleLineIcons\Plugin.Iconize.SimpleLineIcons.Droid\Plugin.Iconize.SimpleLineIcons.Droid.csproj", "{5187AA08-61CB-4749-81D5-4B78DC81633F}"
EndProject
Project("{FAE04EC0-301F-11D3-BF4B-00C04F79EFBC}") = "Plugin.Iconize.Meteocons.Droid", "Fonts\Meteocons\Plugin.Iconize.Meteocons.Droid\Plugin.Iconize.Meteocons.Droid.csproj", "{8DD64822-57A3-4FE9-9BFB-45B35AEB6164}"
EndProject
Project("{FAE04EC0-301F-11D3-BF4B-00C04F79EFBC}") = "Plugin.Iconize.Material.Droid", "Fonts\Material\Plugin.Iconize.Material.Droid\Plugin.Iconize.Material.Droid.csproj", "{BF31E501-7C92-4B90-BDC7-6323295CBC52}"
EndProject
Project("{FAE04EC0-301F-11D3-BF4B-00C04F79EFBC}") = "Plugin.Iconize.Ionicons.Droid", "Fonts\Ionicons\Plugin.Iconize.Ionicons.Droid\Plugin.Iconize.Ionicons.Droid.csproj", "{D158E046-BC30-4726-9F11-7A8FE09A0701}"
EndProject
Project("{FAE04EC0-301F-11D3-BF4B-00C04F79EFBC}") = "Plugin.Iconize.FontAwesome.Droid", "Fonts\FontAwesome\Plugin.Iconize.FontAwesome.Droid\Plugin.Iconize.FontAwesome.Droid.csproj", "{C610737E-E8B6-4CF4-834C-A5EBCF6F2219}"
EndProject
Project("{FAE04EC0-301F-11D3-BF4B-00C04F79EFBC}") = "Plugin.Iconize.EntypoPlus.Droid", "Fonts\Entypo+\Plugin.Iconize.EntypoPlus.Droid\Plugin.Iconize.EntypoPlus.Droid.csproj", "{6507B5F9-82B7-4E24-9B1F-8BFF65EB17C4}"
EndProject
Project("{2150E333-8FDC-42A3-9474-1A3956D46DE8}") = "NuGet", "NuGet", "{641D4F48-A1DF-4AE2-9A03-054CEC01FE54}"
	ProjectSection(SolutionItems) = preProject
		NuGet\Xam.FormsPlugin.Iconize.nuspec = NuGet\Xam.FormsPlugin.Iconize.nuspec
		NuGet\Xam.Plugin.Iconize.EntypoPlus.nuspec = NuGet\Xam.Plugin.Iconize.EntypoPlus.nuspec
		NuGet\Xam.Plugin.Iconize.FontAwesome.nuspec = NuGet\Xam.Plugin.Iconize.FontAwesome.nuspec
		NuGet\Xam.Plugin.Iconize.Ionicons.nuspec = NuGet\Xam.Plugin.Iconize.Ionicons.nuspec
		NuGet\Xam.Plugin.Iconize.Material.nuspec = NuGet\Xam.Plugin.Iconize.Material.nuspec
		NuGet\Xam.Plugin.Iconize.Meteocons.nuspec = NuGet\Xam.Plugin.Iconize.Meteocons.nuspec
		NuGet\Xam.Plugin.Iconize.nuspec = NuGet\Xam.Plugin.Iconize.nuspec
		NuGet\Xam.Plugin.Iconize.SimpleLineIcons.nuspec = NuGet\Xam.Plugin.Iconize.SimpleLineIcons.nuspec
		NuGet\Xam.Plugin.Iconize.Typicons.nuspec = NuGet\Xam.Plugin.Iconize.Typicons.nuspec
		NuGet\Xam.Plugin.Iconize.WeatherIcons.nuspec = NuGet\Xam.Plugin.Iconize.WeatherIcons.nuspec
	EndProjectSection
EndProject
Global
	GlobalSection(SolutionConfigurationPlatforms) = preSolution
		Ad-Hoc|Any CPU = Ad-Hoc|Any CPU
		Ad-Hoc|ARM = Ad-Hoc|ARM
		Ad-Hoc|iPhone = Ad-Hoc|iPhone
		Ad-Hoc|iPhoneSimulator = Ad-Hoc|iPhoneSimulator
		Ad-Hoc|x64 = Ad-Hoc|x64
		Ad-Hoc|x86 = Ad-Hoc|x86
		AppStore|Any CPU = AppStore|Any CPU
		AppStore|ARM = AppStore|ARM
		AppStore|iPhone = AppStore|iPhone
		AppStore|iPhoneSimulator = AppStore|iPhoneSimulator
		AppStore|x64 = AppStore|x64
		AppStore|x86 = AppStore|x86
		Debug|Any CPU = Debug|Any CPU
		Debug|ARM = Debug|ARM
		Debug|iPhone = Debug|iPhone
		Debug|iPhoneSimulator = Debug|iPhoneSimulator
		Debug|x64 = Debug|x64
		Debug|x86 = Debug|x86
		Release|Any CPU = Release|Any CPU
		Release|ARM = Release|ARM
		Release|iPhone = Release|iPhone
		Release|iPhoneSimulator = Release|iPhoneSimulator
		Release|x64 = Release|x64
		Release|x86 = Release|x86
	EndGlobalSection
	GlobalSection(ProjectConfigurationPlatforms) = postSolution
		{B0387056-24F4-4421-8B49-B78A2CEDC19E}.Ad-Hoc|Any CPU.ActiveCfg = Release|Any CPU
		{B0387056-24F4-4421-8B49-B78A2CEDC19E}.Ad-Hoc|Any CPU.Build.0 = Release|Any CPU
		{B0387056-24F4-4421-8B49-B78A2CEDC19E}.Ad-Hoc|ARM.ActiveCfg = Debug|Any CPU
		{B0387056-24F4-4421-8B49-B78A2CEDC19E}.Ad-Hoc|ARM.Build.0 = Debug|Any CPU
		{B0387056-24F4-4421-8B49-B78A2CEDC19E}.Ad-Hoc|iPhone.ActiveCfg = Release|Any CPU
		{B0387056-24F4-4421-8B49-B78A2CEDC19E}.Ad-Hoc|iPhone.Build.0 = Release|Any CPU
		{B0387056-24F4-4421-8B49-B78A2CEDC19E}.Ad-Hoc|iPhoneSimulator.ActiveCfg = Release|Any CPU
		{B0387056-24F4-4421-8B49-B78A2CEDC19E}.Ad-Hoc|iPhoneSimulator.Build.0 = Release|Any CPU
		{B0387056-24F4-4421-8B49-B78A2CEDC19E}.Ad-Hoc|x64.ActiveCfg = Debug|Any CPU
		{B0387056-24F4-4421-8B49-B78A2CEDC19E}.Ad-Hoc|x64.Build.0 = Debug|Any CPU
		{B0387056-24F4-4421-8B49-B78A2CEDC19E}.Ad-Hoc|x86.ActiveCfg = Debug|Any CPU
		{B0387056-24F4-4421-8B49-B78A2CEDC19E}.Ad-Hoc|x86.Build.0 = Debug|Any CPU
		{B0387056-24F4-4421-8B49-B78A2CEDC19E}.AppStore|Any CPU.ActiveCfg = Release|Any CPU
		{B0387056-24F4-4421-8B49-B78A2CEDC19E}.AppStore|Any CPU.Build.0 = Release|Any CPU
		{B0387056-24F4-4421-8B49-B78A2CEDC19E}.AppStore|ARM.ActiveCfg = Debug|Any CPU
		{B0387056-24F4-4421-8B49-B78A2CEDC19E}.AppStore|ARM.Build.0 = Debug|Any CPU
		{B0387056-24F4-4421-8B49-B78A2CEDC19E}.AppStore|iPhone.ActiveCfg = Release|Any CPU
		{B0387056-24F4-4421-8B49-B78A2CEDC19E}.AppStore|iPhone.Build.0 = Release|Any CPU
		{B0387056-24F4-4421-8B49-B78A2CEDC19E}.AppStore|iPhoneSimulator.ActiveCfg = Release|Any CPU
		{B0387056-24F4-4421-8B49-B78A2CEDC19E}.AppStore|iPhoneSimulator.Build.0 = Release|Any CPU
		{B0387056-24F4-4421-8B49-B78A2CEDC19E}.AppStore|x64.ActiveCfg = Debug|Any CPU
		{B0387056-24F4-4421-8B49-B78A2CEDC19E}.AppStore|x64.Build.0 = Debug|Any CPU
		{B0387056-24F4-4421-8B49-B78A2CEDC19E}.AppStore|x86.ActiveCfg = Debug|Any CPU
		{B0387056-24F4-4421-8B49-B78A2CEDC19E}.AppStore|x86.Build.0 = Debug|Any CPU
		{B0387056-24F4-4421-8B49-B78A2CEDC19E}.Debug|Any CPU.ActiveCfg = Debug|Any CPU
		{B0387056-24F4-4421-8B49-B78A2CEDC19E}.Debug|Any CPU.Build.0 = Debug|Any CPU
		{B0387056-24F4-4421-8B49-B78A2CEDC19E}.Debug|ARM.ActiveCfg = Debug|Any CPU
		{B0387056-24F4-4421-8B49-B78A2CEDC19E}.Debug|ARM.Build.0 = Debug|Any CPU
		{B0387056-24F4-4421-8B49-B78A2CEDC19E}.Debug|iPhone.ActiveCfg = Debug|Any CPU
		{B0387056-24F4-4421-8B49-B78A2CEDC19E}.Debug|iPhone.Build.0 = Debug|Any CPU
		{B0387056-24F4-4421-8B49-B78A2CEDC19E}.Debug|iPhoneSimulator.ActiveCfg = Debug|Any CPU
		{B0387056-24F4-4421-8B49-B78A2CEDC19E}.Debug|iPhoneSimulator.Build.0 = Debug|Any CPU
		{B0387056-24F4-4421-8B49-B78A2CEDC19E}.Debug|x64.ActiveCfg = Debug|Any CPU
		{B0387056-24F4-4421-8B49-B78A2CEDC19E}.Debug|x64.Build.0 = Debug|Any CPU
		{B0387056-24F4-4421-8B49-B78A2CEDC19E}.Debug|x86.ActiveCfg = Debug|Any CPU
		{B0387056-24F4-4421-8B49-B78A2CEDC19E}.Debug|x86.Build.0 = Debug|Any CPU
		{B0387056-24F4-4421-8B49-B78A2CEDC19E}.Release|Any CPU.ActiveCfg = Release|Any CPU
		{B0387056-24F4-4421-8B49-B78A2CEDC19E}.Release|Any CPU.Build.0 = Release|Any CPU
		{B0387056-24F4-4421-8B49-B78A2CEDC19E}.Release|ARM.ActiveCfg = Release|Any CPU
		{B0387056-24F4-4421-8B49-B78A2CEDC19E}.Release|ARM.Build.0 = Release|Any CPU
		{B0387056-24F4-4421-8B49-B78A2CEDC19E}.Release|iPhone.ActiveCfg = Release|Any CPU
		{B0387056-24F4-4421-8B49-B78A2CEDC19E}.Release|iPhone.Build.0 = Release|Any CPU
		{B0387056-24F4-4421-8B49-B78A2CEDC19E}.Release|iPhoneSimulator.ActiveCfg = Release|Any CPU
		{B0387056-24F4-4421-8B49-B78A2CEDC19E}.Release|iPhoneSimulator.Build.0 = Release|Any CPU
		{B0387056-24F4-4421-8B49-B78A2CEDC19E}.Release|x64.ActiveCfg = Release|Any CPU
		{B0387056-24F4-4421-8B49-B78A2CEDC19E}.Release|x64.Build.0 = Release|Any CPU
		{B0387056-24F4-4421-8B49-B78A2CEDC19E}.Release|x86.ActiveCfg = Release|Any CPU
		{B0387056-24F4-4421-8B49-B78A2CEDC19E}.Release|x86.Build.0 = Release|Any CPU
		{9720EF44-ABA5-422D-A9BF-30CE32D32B4E}.Ad-Hoc|Any CPU.ActiveCfg = Release|Any CPU
		{9720EF44-ABA5-422D-A9BF-30CE32D32B4E}.Ad-Hoc|Any CPU.Build.0 = Release|Any CPU
		{9720EF44-ABA5-422D-A9BF-30CE32D32B4E}.Ad-Hoc|ARM.ActiveCfg = Debug|Any CPU
		{9720EF44-ABA5-422D-A9BF-30CE32D32B4E}.Ad-Hoc|ARM.Build.0 = Debug|Any CPU
		{9720EF44-ABA5-422D-A9BF-30CE32D32B4E}.Ad-Hoc|iPhone.ActiveCfg = Release|Any CPU
		{9720EF44-ABA5-422D-A9BF-30CE32D32B4E}.Ad-Hoc|iPhone.Build.0 = Release|Any CPU
		{9720EF44-ABA5-422D-A9BF-30CE32D32B4E}.Ad-Hoc|iPhoneSimulator.ActiveCfg = Release|Any CPU
		{9720EF44-ABA5-422D-A9BF-30CE32D32B4E}.Ad-Hoc|iPhoneSimulator.Build.0 = Release|Any CPU
		{9720EF44-ABA5-422D-A9BF-30CE32D32B4E}.Ad-Hoc|x64.ActiveCfg = Debug|Any CPU
		{9720EF44-ABA5-422D-A9BF-30CE32D32B4E}.Ad-Hoc|x64.Build.0 = Debug|Any CPU
		{9720EF44-ABA5-422D-A9BF-30CE32D32B4E}.Ad-Hoc|x86.ActiveCfg = Debug|Any CPU
		{9720EF44-ABA5-422D-A9BF-30CE32D32B4E}.Ad-Hoc|x86.Build.0 = Debug|Any CPU
		{9720EF44-ABA5-422D-A9BF-30CE32D32B4E}.AppStore|Any CPU.ActiveCfg = Release|Any CPU
		{9720EF44-ABA5-422D-A9BF-30CE32D32B4E}.AppStore|Any CPU.Build.0 = Release|Any CPU
		{9720EF44-ABA5-422D-A9BF-30CE32D32B4E}.AppStore|ARM.ActiveCfg = Debug|Any CPU
		{9720EF44-ABA5-422D-A9BF-30CE32D32B4E}.AppStore|ARM.Build.0 = Debug|Any CPU
		{9720EF44-ABA5-422D-A9BF-30CE32D32B4E}.AppStore|iPhone.ActiveCfg = Release|Any CPU
		{9720EF44-ABA5-422D-A9BF-30CE32D32B4E}.AppStore|iPhone.Build.0 = Release|Any CPU
		{9720EF44-ABA5-422D-A9BF-30CE32D32B4E}.AppStore|iPhoneSimulator.ActiveCfg = Release|Any CPU
		{9720EF44-ABA5-422D-A9BF-30CE32D32B4E}.AppStore|iPhoneSimulator.Build.0 = Release|Any CPU
		{9720EF44-ABA5-422D-A9BF-30CE32D32B4E}.AppStore|x64.ActiveCfg = Debug|Any CPU
		{9720EF44-ABA5-422D-A9BF-30CE32D32B4E}.AppStore|x64.Build.0 = Debug|Any CPU
		{9720EF44-ABA5-422D-A9BF-30CE32D32B4E}.AppStore|x86.ActiveCfg = Debug|Any CPU
		{9720EF44-ABA5-422D-A9BF-30CE32D32B4E}.AppStore|x86.Build.0 = Debug|Any CPU
		{9720EF44-ABA5-422D-A9BF-30CE32D32B4E}.Debug|Any CPU.ActiveCfg = Debug|Any CPU
		{9720EF44-ABA5-422D-A9BF-30CE32D32B4E}.Debug|Any CPU.Build.0 = Debug|Any CPU
		{9720EF44-ABA5-422D-A9BF-30CE32D32B4E}.Debug|ARM.ActiveCfg = Debug|Any CPU
		{9720EF44-ABA5-422D-A9BF-30CE32D32B4E}.Debug|ARM.Build.0 = Debug|Any CPU
		{9720EF44-ABA5-422D-A9BF-30CE32D32B4E}.Debug|iPhone.ActiveCfg = Debug|Any CPU
		{9720EF44-ABA5-422D-A9BF-30CE32D32B4E}.Debug|iPhone.Build.0 = Debug|Any CPU
		{9720EF44-ABA5-422D-A9BF-30CE32D32B4E}.Debug|iPhoneSimulator.ActiveCfg = Debug|Any CPU
		{9720EF44-ABA5-422D-A9BF-30CE32D32B4E}.Debug|iPhoneSimulator.Build.0 = Debug|Any CPU
		{9720EF44-ABA5-422D-A9BF-30CE32D32B4E}.Debug|x64.ActiveCfg = Debug|Any CPU
		{9720EF44-ABA5-422D-A9BF-30CE32D32B4E}.Debug|x64.Build.0 = Debug|Any CPU
		{9720EF44-ABA5-422D-A9BF-30CE32D32B4E}.Debug|x86.ActiveCfg = Debug|Any CPU
		{9720EF44-ABA5-422D-A9BF-30CE32D32B4E}.Debug|x86.Build.0 = Debug|Any CPU
		{9720EF44-ABA5-422D-A9BF-30CE32D32B4E}.Release|Any CPU.ActiveCfg = Release|Any CPU
		{9720EF44-ABA5-422D-A9BF-30CE32D32B4E}.Release|Any CPU.Build.0 = Release|Any CPU
		{9720EF44-ABA5-422D-A9BF-30CE32D32B4E}.Release|ARM.ActiveCfg = Release|Any CPU
		{9720EF44-ABA5-422D-A9BF-30CE32D32B4E}.Release|ARM.Build.0 = Release|Any CPU
		{9720EF44-ABA5-422D-A9BF-30CE32D32B4E}.Release|iPhone.ActiveCfg = Release|Any CPU
		{9720EF44-ABA5-422D-A9BF-30CE32D32B4E}.Release|iPhone.Build.0 = Release|Any CPU
		{9720EF44-ABA5-422D-A9BF-30CE32D32B4E}.Release|iPhoneSimulator.ActiveCfg = Release|Any CPU
		{9720EF44-ABA5-422D-A9BF-30CE32D32B4E}.Release|iPhoneSimulator.Build.0 = Release|Any CPU
		{9720EF44-ABA5-422D-A9BF-30CE32D32B4E}.Release|x64.ActiveCfg = Release|Any CPU
		{9720EF44-ABA5-422D-A9BF-30CE32D32B4E}.Release|x64.Build.0 = Release|Any CPU
		{9720EF44-ABA5-422D-A9BF-30CE32D32B4E}.Release|x86.ActiveCfg = Release|Any CPU
		{9720EF44-ABA5-422D-A9BF-30CE32D32B4E}.Release|x86.Build.0 = Release|Any CPU
		{67F9D3A8-F71E-4428-913F-C37AE82CDB24}.Ad-Hoc|Any CPU.ActiveCfg = Release|Any CPU
		{67F9D3A8-F71E-4428-913F-C37AE82CDB24}.Ad-Hoc|Any CPU.Build.0 = Release|Any CPU
		{67F9D3A8-F71E-4428-913F-C37AE82CDB24}.Ad-Hoc|ARM.ActiveCfg = Debug|Any CPU
		{67F9D3A8-F71E-4428-913F-C37AE82CDB24}.Ad-Hoc|ARM.Build.0 = Debug|Any CPU
		{67F9D3A8-F71E-4428-913F-C37AE82CDB24}.Ad-Hoc|iPhone.ActiveCfg = Release|Any CPU
		{67F9D3A8-F71E-4428-913F-C37AE82CDB24}.Ad-Hoc|iPhone.Build.0 = Release|Any CPU
		{67F9D3A8-F71E-4428-913F-C37AE82CDB24}.Ad-Hoc|iPhoneSimulator.ActiveCfg = Release|Any CPU
		{67F9D3A8-F71E-4428-913F-C37AE82CDB24}.Ad-Hoc|iPhoneSimulator.Build.0 = Release|Any CPU
		{67F9D3A8-F71E-4428-913F-C37AE82CDB24}.Ad-Hoc|x64.ActiveCfg = Debug|Any CPU
		{67F9D3A8-F71E-4428-913F-C37AE82CDB24}.Ad-Hoc|x64.Build.0 = Debug|Any CPU
		{67F9D3A8-F71E-4428-913F-C37AE82CDB24}.Ad-Hoc|x86.ActiveCfg = Debug|Any CPU
		{67F9D3A8-F71E-4428-913F-C37AE82CDB24}.Ad-Hoc|x86.Build.0 = Debug|Any CPU
		{67F9D3A8-F71E-4428-913F-C37AE82CDB24}.AppStore|Any CPU.ActiveCfg = Release|Any CPU
		{67F9D3A8-F71E-4428-913F-C37AE82CDB24}.AppStore|Any CPU.Build.0 = Release|Any CPU
		{67F9D3A8-F71E-4428-913F-C37AE82CDB24}.AppStore|ARM.ActiveCfg = Debug|Any CPU
		{67F9D3A8-F71E-4428-913F-C37AE82CDB24}.AppStore|ARM.Build.0 = Debug|Any CPU
		{67F9D3A8-F71E-4428-913F-C37AE82CDB24}.AppStore|iPhone.ActiveCfg = Release|Any CPU
		{67F9D3A8-F71E-4428-913F-C37AE82CDB24}.AppStore|iPhone.Build.0 = Release|Any CPU
		{67F9D3A8-F71E-4428-913F-C37AE82CDB24}.AppStore|iPhoneSimulator.ActiveCfg = Release|Any CPU
		{67F9D3A8-F71E-4428-913F-C37AE82CDB24}.AppStore|iPhoneSimulator.Build.0 = Release|Any CPU
		{67F9D3A8-F71E-4428-913F-C37AE82CDB24}.AppStore|x64.ActiveCfg = Debug|Any CPU
		{67F9D3A8-F71E-4428-913F-C37AE82CDB24}.AppStore|x64.Build.0 = Debug|Any CPU
		{67F9D3A8-F71E-4428-913F-C37AE82CDB24}.AppStore|x86.ActiveCfg = Debug|Any CPU
		{67F9D3A8-F71E-4428-913F-C37AE82CDB24}.AppStore|x86.Build.0 = Debug|Any CPU
		{67F9D3A8-F71E-4428-913F-C37AE82CDB24}.Debug|Any CPU.ActiveCfg = Debug|Any CPU
		{67F9D3A8-F71E-4428-913F-C37AE82CDB24}.Debug|Any CPU.Build.0 = Debug|Any CPU
		{67F9D3A8-F71E-4428-913F-C37AE82CDB24}.Debug|ARM.ActiveCfg = Debug|Any CPU
		{67F9D3A8-F71E-4428-913F-C37AE82CDB24}.Debug|ARM.Build.0 = Debug|Any CPU
		{67F9D3A8-F71E-4428-913F-C37AE82CDB24}.Debug|iPhone.ActiveCfg = Debug|Any CPU
		{67F9D3A8-F71E-4428-913F-C37AE82CDB24}.Debug|iPhone.Build.0 = Debug|Any CPU
		{67F9D3A8-F71E-4428-913F-C37AE82CDB24}.Debug|iPhoneSimulator.ActiveCfg = Debug|Any CPU
		{67F9D3A8-F71E-4428-913F-C37AE82CDB24}.Debug|iPhoneSimulator.Build.0 = Debug|Any CPU
		{67F9D3A8-F71E-4428-913F-C37AE82CDB24}.Debug|x64.ActiveCfg = Debug|Any CPU
		{67F9D3A8-F71E-4428-913F-C37AE82CDB24}.Debug|x64.Build.0 = Debug|Any CPU
		{67F9D3A8-F71E-4428-913F-C37AE82CDB24}.Debug|x86.ActiveCfg = Debug|Any CPU
		{67F9D3A8-F71E-4428-913F-C37AE82CDB24}.Debug|x86.Build.0 = Debug|Any CPU
		{67F9D3A8-F71E-4428-913F-C37AE82CDB24}.Release|Any CPU.ActiveCfg = Release|Any CPU
		{67F9D3A8-F71E-4428-913F-C37AE82CDB24}.Release|Any CPU.Build.0 = Release|Any CPU
		{67F9D3A8-F71E-4428-913F-C37AE82CDB24}.Release|ARM.ActiveCfg = Release|Any CPU
		{67F9D3A8-F71E-4428-913F-C37AE82CDB24}.Release|ARM.Build.0 = Release|Any CPU
		{67F9D3A8-F71E-4428-913F-C37AE82CDB24}.Release|iPhone.ActiveCfg = Release|Any CPU
		{67F9D3A8-F71E-4428-913F-C37AE82CDB24}.Release|iPhone.Build.0 = Release|Any CPU
		{67F9D3A8-F71E-4428-913F-C37AE82CDB24}.Release|iPhoneSimulator.ActiveCfg = Release|Any CPU
		{67F9D3A8-F71E-4428-913F-C37AE82CDB24}.Release|iPhoneSimulator.Build.0 = Release|Any CPU
		{67F9D3A8-F71E-4428-913F-C37AE82CDB24}.Release|x64.ActiveCfg = Release|Any CPU
		{67F9D3A8-F71E-4428-913F-C37AE82CDB24}.Release|x64.Build.0 = Release|Any CPU
		{67F9D3A8-F71E-4428-913F-C37AE82CDB24}.Release|x86.ActiveCfg = Release|Any CPU
		{67F9D3A8-F71E-4428-913F-C37AE82CDB24}.Release|x86.Build.0 = Release|Any CPU
		{F8DE1721-E899-490B-9849-FC261FFC3488}.Ad-Hoc|Any CPU.ActiveCfg = Release|Any CPU
		{F8DE1721-E899-490B-9849-FC261FFC3488}.Ad-Hoc|Any CPU.Build.0 = Release|Any CPU
		{F8DE1721-E899-490B-9849-FC261FFC3488}.Ad-Hoc|ARM.ActiveCfg = AppStore|Any CPU
		{F8DE1721-E899-490B-9849-FC261FFC3488}.Ad-Hoc|ARM.Build.0 = AppStore|Any CPU
		{F8DE1721-E899-490B-9849-FC261FFC3488}.Ad-Hoc|iPhone.ActiveCfg = Release|Any CPU
		{F8DE1721-E899-490B-9849-FC261FFC3488}.Ad-Hoc|iPhone.Build.0 = Release|Any CPU
		{F8DE1721-E899-490B-9849-FC261FFC3488}.Ad-Hoc|iPhoneSimulator.ActiveCfg = Release|Any CPU
		{F8DE1721-E899-490B-9849-FC261FFC3488}.Ad-Hoc|iPhoneSimulator.Build.0 = Release|Any CPU
		{F8DE1721-E899-490B-9849-FC261FFC3488}.Ad-Hoc|x64.ActiveCfg = AppStore|Any CPU
		{F8DE1721-E899-490B-9849-FC261FFC3488}.Ad-Hoc|x64.Build.0 = AppStore|Any CPU
		{F8DE1721-E899-490B-9849-FC261FFC3488}.Ad-Hoc|x86.ActiveCfg = AppStore|Any CPU
		{F8DE1721-E899-490B-9849-FC261FFC3488}.Ad-Hoc|x86.Build.0 = AppStore|Any CPU
		{F8DE1721-E899-490B-9849-FC261FFC3488}.AppStore|Any CPU.ActiveCfg = Release|Any CPU
		{F8DE1721-E899-490B-9849-FC261FFC3488}.AppStore|Any CPU.Build.0 = Release|Any CPU
		{F8DE1721-E899-490B-9849-FC261FFC3488}.AppStore|ARM.ActiveCfg = AppStore|Any CPU
		{F8DE1721-E899-490B-9849-FC261FFC3488}.AppStore|ARM.Build.0 = AppStore|Any CPU
		{F8DE1721-E899-490B-9849-FC261FFC3488}.AppStore|iPhone.ActiveCfg = Release|Any CPU
		{F8DE1721-E899-490B-9849-FC261FFC3488}.AppStore|iPhone.Build.0 = Release|Any CPU
		{F8DE1721-E899-490B-9849-FC261FFC3488}.AppStore|iPhoneSimulator.ActiveCfg = Release|Any CPU
		{F8DE1721-E899-490B-9849-FC261FFC3488}.AppStore|iPhoneSimulator.Build.0 = Release|Any CPU
		{F8DE1721-E899-490B-9849-FC261FFC3488}.AppStore|x64.ActiveCfg = AppStore|Any CPU
		{F8DE1721-E899-490B-9849-FC261FFC3488}.AppStore|x64.Build.0 = AppStore|Any CPU
		{F8DE1721-E899-490B-9849-FC261FFC3488}.AppStore|x86.ActiveCfg = AppStore|Any CPU
		{F8DE1721-E899-490B-9849-FC261FFC3488}.AppStore|x86.Build.0 = AppStore|Any CPU
		{F8DE1721-E899-490B-9849-FC261FFC3488}.Debug|Any CPU.ActiveCfg = Debug|Any CPU
		{F8DE1721-E899-490B-9849-FC261FFC3488}.Debug|Any CPU.Build.0 = Debug|Any CPU
		{F8DE1721-E899-490B-9849-FC261FFC3488}.Debug|ARM.ActiveCfg = Debug|Any CPU
		{F8DE1721-E899-490B-9849-FC261FFC3488}.Debug|ARM.Build.0 = Debug|Any CPU
		{F8DE1721-E899-490B-9849-FC261FFC3488}.Debug|iPhone.ActiveCfg = Debug|Any CPU
		{F8DE1721-E899-490B-9849-FC261FFC3488}.Debug|iPhone.Build.0 = Debug|Any CPU
		{F8DE1721-E899-490B-9849-FC261FFC3488}.Debug|iPhoneSimulator.ActiveCfg = Debug|Any CPU
		{F8DE1721-E899-490B-9849-FC261FFC3488}.Debug|iPhoneSimulator.Build.0 = Debug|Any CPU
		{F8DE1721-E899-490B-9849-FC261FFC3488}.Debug|x64.ActiveCfg = Debug|Any CPU
		{F8DE1721-E899-490B-9849-FC261FFC3488}.Debug|x64.Build.0 = Debug|Any CPU
		{F8DE1721-E899-490B-9849-FC261FFC3488}.Debug|x86.ActiveCfg = Debug|Any CPU
		{F8DE1721-E899-490B-9849-FC261FFC3488}.Debug|x86.Build.0 = Debug|Any CPU
		{F8DE1721-E899-490B-9849-FC261FFC3488}.Release|Any CPU.ActiveCfg = Release|Any CPU
		{F8DE1721-E899-490B-9849-FC261FFC3488}.Release|Any CPU.Build.0 = Release|Any CPU
		{F8DE1721-E899-490B-9849-FC261FFC3488}.Release|ARM.ActiveCfg = Release|Any CPU
		{F8DE1721-E899-490B-9849-FC261FFC3488}.Release|ARM.Build.0 = Release|Any CPU
		{F8DE1721-E899-490B-9849-FC261FFC3488}.Release|iPhone.ActiveCfg = Release|Any CPU
		{F8DE1721-E899-490B-9849-FC261FFC3488}.Release|iPhone.Build.0 = Release|Any CPU
		{F8DE1721-E899-490B-9849-FC261FFC3488}.Release|iPhoneSimulator.ActiveCfg = Release|Any CPU
		{F8DE1721-E899-490B-9849-FC261FFC3488}.Release|iPhoneSimulator.Build.0 = Release|Any CPU
		{F8DE1721-E899-490B-9849-FC261FFC3488}.Release|x64.ActiveCfg = Release|Any CPU
		{F8DE1721-E899-490B-9849-FC261FFC3488}.Release|x64.Build.0 = Release|Any CPU
		{F8DE1721-E899-490B-9849-FC261FFC3488}.Release|x86.ActiveCfg = Release|Any CPU
		{F8DE1721-E899-490B-9849-FC261FFC3488}.Release|x86.Build.0 = Release|Any CPU
		{8956329E-2087-41C7-9273-76900B0A217A}.Ad-Hoc|Any CPU.ActiveCfg = Release|Any CPU
		{8956329E-2087-41C7-9273-76900B0A217A}.Ad-Hoc|Any CPU.Build.0 = Release|Any CPU
		{8956329E-2087-41C7-9273-76900B0A217A}.Ad-Hoc|ARM.ActiveCfg = Debug|Any CPU
		{8956329E-2087-41C7-9273-76900B0A217A}.Ad-Hoc|ARM.Build.0 = Debug|Any CPU
		{8956329E-2087-41C7-9273-76900B0A217A}.Ad-Hoc|iPhone.ActiveCfg = Release|Any CPU
		{8956329E-2087-41C7-9273-76900B0A217A}.Ad-Hoc|iPhone.Build.0 = Release|Any CPU
		{8956329E-2087-41C7-9273-76900B0A217A}.Ad-Hoc|iPhoneSimulator.ActiveCfg = Release|Any CPU
		{8956329E-2087-41C7-9273-76900B0A217A}.Ad-Hoc|iPhoneSimulator.Build.0 = Release|Any CPU
		{8956329E-2087-41C7-9273-76900B0A217A}.Ad-Hoc|x64.ActiveCfg = Debug|Any CPU
		{8956329E-2087-41C7-9273-76900B0A217A}.Ad-Hoc|x64.Build.0 = Debug|Any CPU
		{8956329E-2087-41C7-9273-76900B0A217A}.Ad-Hoc|x86.ActiveCfg = Debug|Any CPU
		{8956329E-2087-41C7-9273-76900B0A217A}.Ad-Hoc|x86.Build.0 = Debug|Any CPU
		{8956329E-2087-41C7-9273-76900B0A217A}.AppStore|Any CPU.ActiveCfg = Release|Any CPU
		{8956329E-2087-41C7-9273-76900B0A217A}.AppStore|Any CPU.Build.0 = Release|Any CPU
		{8956329E-2087-41C7-9273-76900B0A217A}.AppStore|ARM.ActiveCfg = Debug|Any CPU
		{8956329E-2087-41C7-9273-76900B0A217A}.AppStore|ARM.Build.0 = Debug|Any CPU
		{8956329E-2087-41C7-9273-76900B0A217A}.AppStore|iPhone.ActiveCfg = Release|Any CPU
		{8956329E-2087-41C7-9273-76900B0A217A}.AppStore|iPhone.Build.0 = Release|Any CPU
		{8956329E-2087-41C7-9273-76900B0A217A}.AppStore|iPhoneSimulator.ActiveCfg = Release|Any CPU
		{8956329E-2087-41C7-9273-76900B0A217A}.AppStore|iPhoneSimulator.Build.0 = Release|Any CPU
		{8956329E-2087-41C7-9273-76900B0A217A}.AppStore|x64.ActiveCfg = Debug|Any CPU
		{8956329E-2087-41C7-9273-76900B0A217A}.AppStore|x64.Build.0 = Debug|Any CPU
		{8956329E-2087-41C7-9273-76900B0A217A}.AppStore|x86.ActiveCfg = Debug|Any CPU
		{8956329E-2087-41C7-9273-76900B0A217A}.AppStore|x86.Build.0 = Debug|Any CPU
		{8956329E-2087-41C7-9273-76900B0A217A}.Debug|Any CPU.ActiveCfg = Debug|Any CPU
		{8956329E-2087-41C7-9273-76900B0A217A}.Debug|Any CPU.Build.0 = Debug|Any CPU
		{8956329E-2087-41C7-9273-76900B0A217A}.Debug|ARM.ActiveCfg = Debug|Any CPU
		{8956329E-2087-41C7-9273-76900B0A217A}.Debug|ARM.Build.0 = Debug|Any CPU
		{8956329E-2087-41C7-9273-76900B0A217A}.Debug|iPhone.ActiveCfg = Debug|Any CPU
		{8956329E-2087-41C7-9273-76900B0A217A}.Debug|iPhone.Build.0 = Debug|Any CPU
		{8956329E-2087-41C7-9273-76900B0A217A}.Debug|iPhoneSimulator.ActiveCfg = Debug|Any CPU
		{8956329E-2087-41C7-9273-76900B0A217A}.Debug|iPhoneSimulator.Build.0 = Debug|Any CPU
		{8956329E-2087-41C7-9273-76900B0A217A}.Debug|x64.ActiveCfg = Debug|Any CPU
		{8956329E-2087-41C7-9273-76900B0A217A}.Debug|x64.Build.0 = Debug|Any CPU
		{8956329E-2087-41C7-9273-76900B0A217A}.Debug|x86.ActiveCfg = Debug|Any CPU
		{8956329E-2087-41C7-9273-76900B0A217A}.Debug|x86.Build.0 = Debug|Any CPU
		{8956329E-2087-41C7-9273-76900B0A217A}.Release|Any CPU.ActiveCfg = Release|Any CPU
		{8956329E-2087-41C7-9273-76900B0A217A}.Release|Any CPU.Build.0 = Release|Any CPU
		{8956329E-2087-41C7-9273-76900B0A217A}.Release|ARM.ActiveCfg = Release|Any CPU
		{8956329E-2087-41C7-9273-76900B0A217A}.Release|ARM.Build.0 = Release|Any CPU
		{8956329E-2087-41C7-9273-76900B0A217A}.Release|iPhone.ActiveCfg = Release|Any CPU
		{8956329E-2087-41C7-9273-76900B0A217A}.Release|iPhone.Build.0 = Release|Any CPU
		{8956329E-2087-41C7-9273-76900B0A217A}.Release|iPhoneSimulator.ActiveCfg = Release|Any CPU
		{8956329E-2087-41C7-9273-76900B0A217A}.Release|iPhoneSimulator.Build.0 = Release|Any CPU
		{8956329E-2087-41C7-9273-76900B0A217A}.Release|x64.ActiveCfg = Release|Any CPU
		{8956329E-2087-41C7-9273-76900B0A217A}.Release|x64.Build.0 = Release|Any CPU
		{8956329E-2087-41C7-9273-76900B0A217A}.Release|x86.ActiveCfg = Release|Any CPU
		{8956329E-2087-41C7-9273-76900B0A217A}.Release|x86.Build.0 = Release|Any CPU
		{17F95D3F-8E66-4E15-AB16-9A537901321D}.Ad-Hoc|Any CPU.ActiveCfg = Release|Any CPU
		{17F95D3F-8E66-4E15-AB16-9A537901321D}.Ad-Hoc|Any CPU.Build.0 = Release|Any CPU
		{17F95D3F-8E66-4E15-AB16-9A537901321D}.Ad-Hoc|ARM.ActiveCfg = AppStore|Any CPU
		{17F95D3F-8E66-4E15-AB16-9A537901321D}.Ad-Hoc|ARM.Build.0 = AppStore|Any CPU
		{17F95D3F-8E66-4E15-AB16-9A537901321D}.Ad-Hoc|iPhone.ActiveCfg = Release|Any CPU
		{17F95D3F-8E66-4E15-AB16-9A537901321D}.Ad-Hoc|iPhone.Build.0 = Release|Any CPU
		{17F95D3F-8E66-4E15-AB16-9A537901321D}.Ad-Hoc|iPhoneSimulator.ActiveCfg = Release|Any CPU
		{17F95D3F-8E66-4E15-AB16-9A537901321D}.Ad-Hoc|iPhoneSimulator.Build.0 = Release|Any CPU
		{17F95D3F-8E66-4E15-AB16-9A537901321D}.Ad-Hoc|x64.ActiveCfg = AppStore|Any CPU
		{17F95D3F-8E66-4E15-AB16-9A537901321D}.Ad-Hoc|x64.Build.0 = AppStore|Any CPU
		{17F95D3F-8E66-4E15-AB16-9A537901321D}.Ad-Hoc|x86.ActiveCfg = AppStore|Any CPU
		{17F95D3F-8E66-4E15-AB16-9A537901321D}.Ad-Hoc|x86.Build.0 = AppStore|Any CPU
		{17F95D3F-8E66-4E15-AB16-9A537901321D}.AppStore|Any CPU.ActiveCfg = Release|Any CPU
		{17F95D3F-8E66-4E15-AB16-9A537901321D}.AppStore|Any CPU.Build.0 = Release|Any CPU
		{17F95D3F-8E66-4E15-AB16-9A537901321D}.AppStore|ARM.ActiveCfg = AppStore|Any CPU
		{17F95D3F-8E66-4E15-AB16-9A537901321D}.AppStore|ARM.Build.0 = AppStore|Any CPU
		{17F95D3F-8E66-4E15-AB16-9A537901321D}.AppStore|iPhone.ActiveCfg = Release|Any CPU
		{17F95D3F-8E66-4E15-AB16-9A537901321D}.AppStore|iPhone.Build.0 = Release|Any CPU
		{17F95D3F-8E66-4E15-AB16-9A537901321D}.AppStore|iPhoneSimulator.ActiveCfg = Release|Any CPU
		{17F95D3F-8E66-4E15-AB16-9A537901321D}.AppStore|iPhoneSimulator.Build.0 = Release|Any CPU
		{17F95D3F-8E66-4E15-AB16-9A537901321D}.AppStore|x64.ActiveCfg = AppStore|Any CPU
		{17F95D3F-8E66-4E15-AB16-9A537901321D}.AppStore|x64.Build.0 = AppStore|Any CPU
		{17F95D3F-8E66-4E15-AB16-9A537901321D}.AppStore|x86.ActiveCfg = AppStore|Any CPU
		{17F95D3F-8E66-4E15-AB16-9A537901321D}.AppStore|x86.Build.0 = AppStore|Any CPU
		{17F95D3F-8E66-4E15-AB16-9A537901321D}.Debug|Any CPU.ActiveCfg = Debug|Any CPU
		{17F95D3F-8E66-4E15-AB16-9A537901321D}.Debug|Any CPU.Build.0 = Debug|Any CPU
		{17F95D3F-8E66-4E15-AB16-9A537901321D}.Debug|ARM.ActiveCfg = Debug|Any CPU
		{17F95D3F-8E66-4E15-AB16-9A537901321D}.Debug|ARM.Build.0 = Debug|Any CPU
		{17F95D3F-8E66-4E15-AB16-9A537901321D}.Debug|iPhone.ActiveCfg = Debug|Any CPU
		{17F95D3F-8E66-4E15-AB16-9A537901321D}.Debug|iPhone.Build.0 = Debug|Any CPU
		{17F95D3F-8E66-4E15-AB16-9A537901321D}.Debug|iPhoneSimulator.ActiveCfg = Debug|Any CPU
		{17F95D3F-8E66-4E15-AB16-9A537901321D}.Debug|iPhoneSimulator.Build.0 = Debug|Any CPU
		{17F95D3F-8E66-4E15-AB16-9A537901321D}.Debug|x64.ActiveCfg = Debug|Any CPU
		{17F95D3F-8E66-4E15-AB16-9A537901321D}.Debug|x64.Build.0 = Debug|Any CPU
		{17F95D3F-8E66-4E15-AB16-9A537901321D}.Debug|x86.ActiveCfg = Debug|Any CPU
		{17F95D3F-8E66-4E15-AB16-9A537901321D}.Debug|x86.Build.0 = Debug|Any CPU
		{17F95D3F-8E66-4E15-AB16-9A537901321D}.Release|Any CPU.ActiveCfg = Release|Any CPU
		{17F95D3F-8E66-4E15-AB16-9A537901321D}.Release|Any CPU.Build.0 = Release|Any CPU
		{17F95D3F-8E66-4E15-AB16-9A537901321D}.Release|ARM.ActiveCfg = Release|Any CPU
		{17F95D3F-8E66-4E15-AB16-9A537901321D}.Release|ARM.Build.0 = Release|Any CPU
		{17F95D3F-8E66-4E15-AB16-9A537901321D}.Release|iPhone.ActiveCfg = Release|Any CPU
		{17F95D3F-8E66-4E15-AB16-9A537901321D}.Release|iPhone.Build.0 = Release|Any CPU
		{17F95D3F-8E66-4E15-AB16-9A537901321D}.Release|iPhoneSimulator.ActiveCfg = Release|Any CPU
		{17F95D3F-8E66-4E15-AB16-9A537901321D}.Release|iPhoneSimulator.Build.0 = Release|Any CPU
		{17F95D3F-8E66-4E15-AB16-9A537901321D}.Release|x64.ActiveCfg = Release|Any CPU
		{17F95D3F-8E66-4E15-AB16-9A537901321D}.Release|x64.Build.0 = Release|Any CPU
		{17F95D3F-8E66-4E15-AB16-9A537901321D}.Release|x86.ActiveCfg = Release|Any CPU
		{17F95D3F-8E66-4E15-AB16-9A537901321D}.Release|x86.Build.0 = Release|Any CPU
		{9BE2C151-3510-4B48-89D3-3A7CADD8B804}.Ad-Hoc|Any CPU.ActiveCfg = Release|Any CPU
		{9BE2C151-3510-4B48-89D3-3A7CADD8B804}.Ad-Hoc|Any CPU.Build.0 = Release|Any CPU
		{9BE2C151-3510-4B48-89D3-3A7CADD8B804}.Ad-Hoc|ARM.ActiveCfg = Debug|Any CPU
		{9BE2C151-3510-4B48-89D3-3A7CADD8B804}.Ad-Hoc|ARM.Build.0 = Debug|Any CPU
		{9BE2C151-3510-4B48-89D3-3A7CADD8B804}.Ad-Hoc|iPhone.ActiveCfg = Release|Any CPU
		{9BE2C151-3510-4B48-89D3-3A7CADD8B804}.Ad-Hoc|iPhone.Build.0 = Release|Any CPU
		{9BE2C151-3510-4B48-89D3-3A7CADD8B804}.Ad-Hoc|iPhoneSimulator.ActiveCfg = Release|Any CPU
		{9BE2C151-3510-4B48-89D3-3A7CADD8B804}.Ad-Hoc|iPhoneSimulator.Build.0 = Release|Any CPU
		{9BE2C151-3510-4B48-89D3-3A7CADD8B804}.Ad-Hoc|x64.ActiveCfg = Debug|Any CPU
		{9BE2C151-3510-4B48-89D3-3A7CADD8B804}.Ad-Hoc|x64.Build.0 = Debug|Any CPU
		{9BE2C151-3510-4B48-89D3-3A7CADD8B804}.Ad-Hoc|x86.ActiveCfg = Debug|Any CPU
		{9BE2C151-3510-4B48-89D3-3A7CADD8B804}.Ad-Hoc|x86.Build.0 = Debug|Any CPU
		{9BE2C151-3510-4B48-89D3-3A7CADD8B804}.AppStore|Any CPU.ActiveCfg = Release|Any CPU
		{9BE2C151-3510-4B48-89D3-3A7CADD8B804}.AppStore|Any CPU.Build.0 = Release|Any CPU
		{9BE2C151-3510-4B48-89D3-3A7CADD8B804}.AppStore|ARM.ActiveCfg = Debug|Any CPU
		{9BE2C151-3510-4B48-89D3-3A7CADD8B804}.AppStore|ARM.Build.0 = Debug|Any CPU
		{9BE2C151-3510-4B48-89D3-3A7CADD8B804}.AppStore|iPhone.ActiveCfg = Release|Any CPU
		{9BE2C151-3510-4B48-89D3-3A7CADD8B804}.AppStore|iPhone.Build.0 = Release|Any CPU
		{9BE2C151-3510-4B48-89D3-3A7CADD8B804}.AppStore|iPhoneSimulator.ActiveCfg = Release|Any CPU
		{9BE2C151-3510-4B48-89D3-3A7CADD8B804}.AppStore|iPhoneSimulator.Build.0 = Release|Any CPU
		{9BE2C151-3510-4B48-89D3-3A7CADD8B804}.AppStore|x64.ActiveCfg = Debug|Any CPU
		{9BE2C151-3510-4B48-89D3-3A7CADD8B804}.AppStore|x64.Build.0 = Debug|Any CPU
		{9BE2C151-3510-4B48-89D3-3A7CADD8B804}.AppStore|x86.ActiveCfg = Debug|Any CPU
		{9BE2C151-3510-4B48-89D3-3A7CADD8B804}.AppStore|x86.Build.0 = Debug|Any CPU
		{9BE2C151-3510-4B48-89D3-3A7CADD8B804}.Debug|Any CPU.ActiveCfg = Debug|Any CPU
		{9BE2C151-3510-4B48-89D3-3A7CADD8B804}.Debug|Any CPU.Build.0 = Debug|Any CPU
		{9BE2C151-3510-4B48-89D3-3A7CADD8B804}.Debug|ARM.ActiveCfg = Debug|Any CPU
		{9BE2C151-3510-4B48-89D3-3A7CADD8B804}.Debug|ARM.Build.0 = Debug|Any CPU
		{9BE2C151-3510-4B48-89D3-3A7CADD8B804}.Debug|iPhone.ActiveCfg = Debug|Any CPU
		{9BE2C151-3510-4B48-89D3-3A7CADD8B804}.Debug|iPhone.Build.0 = Debug|Any CPU
		{9BE2C151-3510-4B48-89D3-3A7CADD8B804}.Debug|iPhoneSimulator.ActiveCfg = Debug|Any CPU
		{9BE2C151-3510-4B48-89D3-3A7CADD8B804}.Debug|iPhoneSimulator.Build.0 = Debug|Any CPU
		{9BE2C151-3510-4B48-89D3-3A7CADD8B804}.Debug|x64.ActiveCfg = Debug|Any CPU
		{9BE2C151-3510-4B48-89D3-3A7CADD8B804}.Debug|x64.Build.0 = Debug|Any CPU
		{9BE2C151-3510-4B48-89D3-3A7CADD8B804}.Debug|x86.ActiveCfg = Debug|Any CPU
		{9BE2C151-3510-4B48-89D3-3A7CADD8B804}.Debug|x86.Build.0 = Debug|Any CPU
		{9BE2C151-3510-4B48-89D3-3A7CADD8B804}.Release|Any CPU.ActiveCfg = Release|Any CPU
		{9BE2C151-3510-4B48-89D3-3A7CADD8B804}.Release|Any CPU.Build.0 = Release|Any CPU
		{9BE2C151-3510-4B48-89D3-3A7CADD8B804}.Release|ARM.ActiveCfg = Release|Any CPU
		{9BE2C151-3510-4B48-89D3-3A7CADD8B804}.Release|ARM.Build.0 = Release|Any CPU
		{9BE2C151-3510-4B48-89D3-3A7CADD8B804}.Release|iPhone.ActiveCfg = Release|Any CPU
		{9BE2C151-3510-4B48-89D3-3A7CADD8B804}.Release|iPhone.Build.0 = Release|Any CPU
		{9BE2C151-3510-4B48-89D3-3A7CADD8B804}.Release|iPhoneSimulator.ActiveCfg = Release|Any CPU
		{9BE2C151-3510-4B48-89D3-3A7CADD8B804}.Release|iPhoneSimulator.Build.0 = Release|Any CPU
		{9BE2C151-3510-4B48-89D3-3A7CADD8B804}.Release|x64.ActiveCfg = Release|Any CPU
		{9BE2C151-3510-4B48-89D3-3A7CADD8B804}.Release|x64.Build.0 = Release|Any CPU
		{9BE2C151-3510-4B48-89D3-3A7CADD8B804}.Release|x86.ActiveCfg = Release|Any CPU
		{9BE2C151-3510-4B48-89D3-3A7CADD8B804}.Release|x86.Build.0 = Release|Any CPU
		{DC12F793-3335-4054-874B-B52B8AE693B6}.Ad-Hoc|Any CPU.ActiveCfg = Release|Any CPU
		{DC12F793-3335-4054-874B-B52B8AE693B6}.Ad-Hoc|Any CPU.Build.0 = Release|Any CPU
		{DC12F793-3335-4054-874B-B52B8AE693B6}.Ad-Hoc|ARM.ActiveCfg = Debug|Any CPU
		{DC12F793-3335-4054-874B-B52B8AE693B6}.Ad-Hoc|ARM.Build.0 = Debug|Any CPU
		{DC12F793-3335-4054-874B-B52B8AE693B6}.Ad-Hoc|iPhone.ActiveCfg = Release|Any CPU
		{DC12F793-3335-4054-874B-B52B8AE693B6}.Ad-Hoc|iPhone.Build.0 = Release|Any CPU
		{DC12F793-3335-4054-874B-B52B8AE693B6}.Ad-Hoc|iPhoneSimulator.ActiveCfg = Release|Any CPU
		{DC12F793-3335-4054-874B-B52B8AE693B6}.Ad-Hoc|iPhoneSimulator.Build.0 = Release|Any CPU
		{DC12F793-3335-4054-874B-B52B8AE693B6}.Ad-Hoc|x64.ActiveCfg = Debug|Any CPU
		{DC12F793-3335-4054-874B-B52B8AE693B6}.Ad-Hoc|x64.Build.0 = Debug|Any CPU
		{DC12F793-3335-4054-874B-B52B8AE693B6}.Ad-Hoc|x86.ActiveCfg = Debug|Any CPU
		{DC12F793-3335-4054-874B-B52B8AE693B6}.Ad-Hoc|x86.Build.0 = Debug|Any CPU
		{DC12F793-3335-4054-874B-B52B8AE693B6}.AppStore|Any CPU.ActiveCfg = Release|Any CPU
		{DC12F793-3335-4054-874B-B52B8AE693B6}.AppStore|Any CPU.Build.0 = Release|Any CPU
		{DC12F793-3335-4054-874B-B52B8AE693B6}.AppStore|ARM.ActiveCfg = Debug|Any CPU
		{DC12F793-3335-4054-874B-B52B8AE693B6}.AppStore|ARM.Build.0 = Debug|Any CPU
		{DC12F793-3335-4054-874B-B52B8AE693B6}.AppStore|iPhone.ActiveCfg = Release|Any CPU
		{DC12F793-3335-4054-874B-B52B8AE693B6}.AppStore|iPhone.Build.0 = Release|Any CPU
		{DC12F793-3335-4054-874B-B52B8AE693B6}.AppStore|iPhoneSimulator.ActiveCfg = Release|Any CPU
		{DC12F793-3335-4054-874B-B52B8AE693B6}.AppStore|iPhoneSimulator.Build.0 = Release|Any CPU
		{DC12F793-3335-4054-874B-B52B8AE693B6}.AppStore|x64.ActiveCfg = Debug|Any CPU
		{DC12F793-3335-4054-874B-B52B8AE693B6}.AppStore|x64.Build.0 = Debug|Any CPU
		{DC12F793-3335-4054-874B-B52B8AE693B6}.AppStore|x86.ActiveCfg = Debug|Any CPU
		{DC12F793-3335-4054-874B-B52B8AE693B6}.AppStore|x86.Build.0 = Debug|Any CPU
		{DC12F793-3335-4054-874B-B52B8AE693B6}.Debug|Any CPU.ActiveCfg = Debug|Any CPU
		{DC12F793-3335-4054-874B-B52B8AE693B6}.Debug|Any CPU.Build.0 = Debug|Any CPU
		{DC12F793-3335-4054-874B-B52B8AE693B6}.Debug|ARM.ActiveCfg = Debug|Any CPU
		{DC12F793-3335-4054-874B-B52B8AE693B6}.Debug|ARM.Build.0 = Debug|Any CPU
		{DC12F793-3335-4054-874B-B52B8AE693B6}.Debug|iPhone.ActiveCfg = Debug|Any CPU
		{DC12F793-3335-4054-874B-B52B8AE693B6}.Debug|iPhone.Build.0 = Debug|Any CPU
		{DC12F793-3335-4054-874B-B52B8AE693B6}.Debug|iPhoneSimulator.ActiveCfg = Debug|Any CPU
		{DC12F793-3335-4054-874B-B52B8AE693B6}.Debug|iPhoneSimulator.Build.0 = Debug|Any CPU
		{DC12F793-3335-4054-874B-B52B8AE693B6}.Debug|x64.ActiveCfg = Debug|Any CPU
		{DC12F793-3335-4054-874B-B52B8AE693B6}.Debug|x64.Build.0 = Debug|Any CPU
		{DC12F793-3335-4054-874B-B52B8AE693B6}.Debug|x86.ActiveCfg = Debug|Any CPU
		{DC12F793-3335-4054-874B-B52B8AE693B6}.Debug|x86.Build.0 = Debug|Any CPU
		{DC12F793-3335-4054-874B-B52B8AE693B6}.Release|Any CPU.ActiveCfg = Release|Any CPU
		{DC12F793-3335-4054-874B-B52B8AE693B6}.Release|Any CPU.Build.0 = Release|Any CPU
		{DC12F793-3335-4054-874B-B52B8AE693B6}.Release|ARM.ActiveCfg = Release|Any CPU
		{DC12F793-3335-4054-874B-B52B8AE693B6}.Release|ARM.Build.0 = Release|Any CPU
		{DC12F793-3335-4054-874B-B52B8AE693B6}.Release|iPhone.ActiveCfg = Release|Any CPU
		{DC12F793-3335-4054-874B-B52B8AE693B6}.Release|iPhone.Build.0 = Release|Any CPU
		{DC12F793-3335-4054-874B-B52B8AE693B6}.Release|iPhoneSimulator.ActiveCfg = Release|Any CPU
		{DC12F793-3335-4054-874B-B52B8AE693B6}.Release|iPhoneSimulator.Build.0 = Release|Any CPU
		{DC12F793-3335-4054-874B-B52B8AE693B6}.Release|x64.ActiveCfg = Release|Any CPU
		{DC12F793-3335-4054-874B-B52B8AE693B6}.Release|x64.Build.0 = Release|Any CPU
		{DC12F793-3335-4054-874B-B52B8AE693B6}.Release|x86.ActiveCfg = Release|Any CPU
		{DC12F793-3335-4054-874B-B52B8AE693B6}.Release|x86.Build.0 = Release|Any CPU
		{9C1AD7CA-B144-4513-B8AB-AB9EF991E122}.Ad-Hoc|Any CPU.ActiveCfg = Release|Any CPU
		{9C1AD7CA-B144-4513-B8AB-AB9EF991E122}.Ad-Hoc|Any CPU.Build.0 = Release|Any CPU
		{9C1AD7CA-B144-4513-B8AB-AB9EF991E122}.Ad-Hoc|ARM.ActiveCfg = Debug|Any CPU
		{9C1AD7CA-B144-4513-B8AB-AB9EF991E122}.Ad-Hoc|ARM.Build.0 = Debug|Any CPU
		{9C1AD7CA-B144-4513-B8AB-AB9EF991E122}.Ad-Hoc|iPhone.ActiveCfg = Release|Any CPU
		{9C1AD7CA-B144-4513-B8AB-AB9EF991E122}.Ad-Hoc|iPhone.Build.0 = Release|Any CPU
		{9C1AD7CA-B144-4513-B8AB-AB9EF991E122}.Ad-Hoc|iPhoneSimulator.ActiveCfg = Release|Any CPU
		{9C1AD7CA-B144-4513-B8AB-AB9EF991E122}.Ad-Hoc|iPhoneSimulator.Build.0 = Release|Any CPU
		{9C1AD7CA-B144-4513-B8AB-AB9EF991E122}.Ad-Hoc|x64.ActiveCfg = Debug|Any CPU
		{9C1AD7CA-B144-4513-B8AB-AB9EF991E122}.Ad-Hoc|x64.Build.0 = Debug|Any CPU
		{9C1AD7CA-B144-4513-B8AB-AB9EF991E122}.Ad-Hoc|x86.ActiveCfg = Debug|Any CPU
		{9C1AD7CA-B144-4513-B8AB-AB9EF991E122}.Ad-Hoc|x86.Build.0 = Debug|Any CPU
		{9C1AD7CA-B144-4513-B8AB-AB9EF991E122}.AppStore|Any CPU.ActiveCfg = Release|Any CPU
		{9C1AD7CA-B144-4513-B8AB-AB9EF991E122}.AppStore|Any CPU.Build.0 = Release|Any CPU
		{9C1AD7CA-B144-4513-B8AB-AB9EF991E122}.AppStore|ARM.ActiveCfg = Debug|Any CPU
		{9C1AD7CA-B144-4513-B8AB-AB9EF991E122}.AppStore|ARM.Build.0 = Debug|Any CPU
		{9C1AD7CA-B144-4513-B8AB-AB9EF991E122}.AppStore|iPhone.ActiveCfg = Release|Any CPU
		{9C1AD7CA-B144-4513-B8AB-AB9EF991E122}.AppStore|iPhone.Build.0 = Release|Any CPU
		{9C1AD7CA-B144-4513-B8AB-AB9EF991E122}.AppStore|iPhoneSimulator.ActiveCfg = Release|Any CPU
		{9C1AD7CA-B144-4513-B8AB-AB9EF991E122}.AppStore|iPhoneSimulator.Build.0 = Release|Any CPU
		{9C1AD7CA-B144-4513-B8AB-AB9EF991E122}.AppStore|x64.ActiveCfg = Debug|Any CPU
		{9C1AD7CA-B144-4513-B8AB-AB9EF991E122}.AppStore|x64.Build.0 = Debug|Any CPU
		{9C1AD7CA-B144-4513-B8AB-AB9EF991E122}.AppStore|x86.ActiveCfg = Debug|Any CPU
		{9C1AD7CA-B144-4513-B8AB-AB9EF991E122}.AppStore|x86.Build.0 = Debug|Any CPU
		{9C1AD7CA-B144-4513-B8AB-AB9EF991E122}.Debug|Any CPU.ActiveCfg = Debug|Any CPU
		{9C1AD7CA-B144-4513-B8AB-AB9EF991E122}.Debug|Any CPU.Build.0 = Debug|Any CPU
		{9C1AD7CA-B144-4513-B8AB-AB9EF991E122}.Debug|ARM.ActiveCfg = Debug|Any CPU
		{9C1AD7CA-B144-4513-B8AB-AB9EF991E122}.Debug|ARM.Build.0 = Debug|Any CPU
		{9C1AD7CA-B144-4513-B8AB-AB9EF991E122}.Debug|iPhone.ActiveCfg = Debug|Any CPU
		{9C1AD7CA-B144-4513-B8AB-AB9EF991E122}.Debug|iPhone.Build.0 = Debug|Any CPU
		{9C1AD7CA-B144-4513-B8AB-AB9EF991E122}.Debug|iPhoneSimulator.ActiveCfg = Debug|Any CPU
		{9C1AD7CA-B144-4513-B8AB-AB9EF991E122}.Debug|iPhoneSimulator.Build.0 = Debug|Any CPU
		{9C1AD7CA-B144-4513-B8AB-AB9EF991E122}.Debug|x64.ActiveCfg = Debug|Any CPU
		{9C1AD7CA-B144-4513-B8AB-AB9EF991E122}.Debug|x64.Build.0 = Debug|Any CPU
		{9C1AD7CA-B144-4513-B8AB-AB9EF991E122}.Debug|x86.ActiveCfg = Debug|Any CPU
		{9C1AD7CA-B144-4513-B8AB-AB9EF991E122}.Debug|x86.Build.0 = Debug|Any CPU
		{9C1AD7CA-B144-4513-B8AB-AB9EF991E122}.Release|Any CPU.ActiveCfg = Release|Any CPU
		{9C1AD7CA-B144-4513-B8AB-AB9EF991E122}.Release|Any CPU.Build.0 = Release|Any CPU
		{9C1AD7CA-B144-4513-B8AB-AB9EF991E122}.Release|ARM.ActiveCfg = Release|Any CPU
		{9C1AD7CA-B144-4513-B8AB-AB9EF991E122}.Release|ARM.Build.0 = Release|Any CPU
		{9C1AD7CA-B144-4513-B8AB-AB9EF991E122}.Release|iPhone.ActiveCfg = Release|Any CPU
		{9C1AD7CA-B144-4513-B8AB-AB9EF991E122}.Release|iPhone.Build.0 = Release|Any CPU
		{9C1AD7CA-B144-4513-B8AB-AB9EF991E122}.Release|iPhoneSimulator.ActiveCfg = Release|Any CPU
		{9C1AD7CA-B144-4513-B8AB-AB9EF991E122}.Release|iPhoneSimulator.Build.0 = Release|Any CPU
		{9C1AD7CA-B144-4513-B8AB-AB9EF991E122}.Release|x64.ActiveCfg = Release|Any CPU
		{9C1AD7CA-B144-4513-B8AB-AB9EF991E122}.Release|x64.Build.0 = Release|Any CPU
		{9C1AD7CA-B144-4513-B8AB-AB9EF991E122}.Release|x86.ActiveCfg = Release|Any CPU
		{9C1AD7CA-B144-4513-B8AB-AB9EF991E122}.Release|x86.Build.0 = Release|Any CPU
		{444C4EA5-608F-4C9E-82D3-6750C846F0E7}.Ad-Hoc|Any CPU.ActiveCfg = Release|Any CPU
		{444C4EA5-608F-4C9E-82D3-6750C846F0E7}.Ad-Hoc|Any CPU.Build.0 = Release|Any CPU
		{444C4EA5-608F-4C9E-82D3-6750C846F0E7}.Ad-Hoc|ARM.ActiveCfg = Debug|Any CPU
		{444C4EA5-608F-4C9E-82D3-6750C846F0E7}.Ad-Hoc|ARM.Build.0 = Debug|Any CPU
		{444C4EA5-608F-4C9E-82D3-6750C846F0E7}.Ad-Hoc|iPhone.ActiveCfg = Release|Any CPU
		{444C4EA5-608F-4C9E-82D3-6750C846F0E7}.Ad-Hoc|iPhone.Build.0 = Release|Any CPU
		{444C4EA5-608F-4C9E-82D3-6750C846F0E7}.Ad-Hoc|iPhoneSimulator.ActiveCfg = Release|Any CPU
		{444C4EA5-608F-4C9E-82D3-6750C846F0E7}.Ad-Hoc|iPhoneSimulator.Build.0 = Release|Any CPU
		{444C4EA5-608F-4C9E-82D3-6750C846F0E7}.Ad-Hoc|x64.ActiveCfg = Debug|Any CPU
		{444C4EA5-608F-4C9E-82D3-6750C846F0E7}.Ad-Hoc|x64.Build.0 = Debug|Any CPU
		{444C4EA5-608F-4C9E-82D3-6750C846F0E7}.Ad-Hoc|x86.ActiveCfg = Debug|Any CPU
		{444C4EA5-608F-4C9E-82D3-6750C846F0E7}.Ad-Hoc|x86.Build.0 = Debug|Any CPU
		{444C4EA5-608F-4C9E-82D3-6750C846F0E7}.AppStore|Any CPU.ActiveCfg = Release|Any CPU
		{444C4EA5-608F-4C9E-82D3-6750C846F0E7}.AppStore|Any CPU.Build.0 = Release|Any CPU
		{444C4EA5-608F-4C9E-82D3-6750C846F0E7}.AppStore|ARM.ActiveCfg = Debug|Any CPU
		{444C4EA5-608F-4C9E-82D3-6750C846F0E7}.AppStore|ARM.Build.0 = Debug|Any CPU
		{444C4EA5-608F-4C9E-82D3-6750C846F0E7}.AppStore|iPhone.ActiveCfg = Release|Any CPU
		{444C4EA5-608F-4C9E-82D3-6750C846F0E7}.AppStore|iPhone.Build.0 = Release|Any CPU
		{444C4EA5-608F-4C9E-82D3-6750C846F0E7}.AppStore|iPhoneSimulator.ActiveCfg = Release|Any CPU
		{444C4EA5-608F-4C9E-82D3-6750C846F0E7}.AppStore|iPhoneSimulator.Build.0 = Release|Any CPU
		{444C4EA5-608F-4C9E-82D3-6750C846F0E7}.AppStore|x64.ActiveCfg = Debug|Any CPU
		{444C4EA5-608F-4C9E-82D3-6750C846F0E7}.AppStore|x64.Build.0 = Debug|Any CPU
		{444C4EA5-608F-4C9E-82D3-6750C846F0E7}.AppStore|x86.ActiveCfg = Debug|Any CPU
		{444C4EA5-608F-4C9E-82D3-6750C846F0E7}.AppStore|x86.Build.0 = Debug|Any CPU
		{444C4EA5-608F-4C9E-82D3-6750C846F0E7}.Debug|Any CPU.ActiveCfg = Debug|Any CPU
		{444C4EA5-608F-4C9E-82D3-6750C846F0E7}.Debug|Any CPU.Build.0 = Debug|Any CPU
		{444C4EA5-608F-4C9E-82D3-6750C846F0E7}.Debug|ARM.ActiveCfg = Debug|Any CPU
		{444C4EA5-608F-4C9E-82D3-6750C846F0E7}.Debug|ARM.Build.0 = Debug|Any CPU
		{444C4EA5-608F-4C9E-82D3-6750C846F0E7}.Debug|iPhone.ActiveCfg = Debug|Any CPU
		{444C4EA5-608F-4C9E-82D3-6750C846F0E7}.Debug|iPhone.Build.0 = Debug|Any CPU
		{444C4EA5-608F-4C9E-82D3-6750C846F0E7}.Debug|iPhoneSimulator.ActiveCfg = Debug|Any CPU
		{444C4EA5-608F-4C9E-82D3-6750C846F0E7}.Debug|iPhoneSimulator.Build.0 = Debug|Any CPU
		{444C4EA5-608F-4C9E-82D3-6750C846F0E7}.Debug|x64.ActiveCfg = Debug|Any CPU
		{444C4EA5-608F-4C9E-82D3-6750C846F0E7}.Debug|x64.Build.0 = Debug|Any CPU
		{444C4EA5-608F-4C9E-82D3-6750C846F0E7}.Debug|x86.ActiveCfg = Debug|Any CPU
		{444C4EA5-608F-4C9E-82D3-6750C846F0E7}.Debug|x86.Build.0 = Debug|Any CPU
		{444C4EA5-608F-4C9E-82D3-6750C846F0E7}.Release|Any CPU.ActiveCfg = Release|Any CPU
		{444C4EA5-608F-4C9E-82D3-6750C846F0E7}.Release|Any CPU.Build.0 = Release|Any CPU
		{444C4EA5-608F-4C9E-82D3-6750C846F0E7}.Release|ARM.ActiveCfg = Release|Any CPU
		{444C4EA5-608F-4C9E-82D3-6750C846F0E7}.Release|ARM.Build.0 = Release|Any CPU
		{444C4EA5-608F-4C9E-82D3-6750C846F0E7}.Release|iPhone.ActiveCfg = Release|Any CPU
		{444C4EA5-608F-4C9E-82D3-6750C846F0E7}.Release|iPhone.Build.0 = Release|Any CPU
		{444C4EA5-608F-4C9E-82D3-6750C846F0E7}.Release|iPhoneSimulator.ActiveCfg = Release|Any CPU
		{444C4EA5-608F-4C9E-82D3-6750C846F0E7}.Release|iPhoneSimulator.Build.0 = Release|Any CPU
		{444C4EA5-608F-4C9E-82D3-6750C846F0E7}.Release|x64.ActiveCfg = Release|Any CPU
		{444C4EA5-608F-4C9E-82D3-6750C846F0E7}.Release|x64.Build.0 = Release|Any CPU
		{444C4EA5-608F-4C9E-82D3-6750C846F0E7}.Release|x86.ActiveCfg = Release|Any CPU
		{444C4EA5-608F-4C9E-82D3-6750C846F0E7}.Release|x86.Build.0 = Release|Any CPU
		{DC4B2B3E-2BD9-4750-95E1-FAF485D5C394}.Ad-Hoc|Any CPU.ActiveCfg = Release|Any CPU
		{DC4B2B3E-2BD9-4750-95E1-FAF485D5C394}.Ad-Hoc|Any CPU.Build.0 = Release|Any CPU
		{DC4B2B3E-2BD9-4750-95E1-FAF485D5C394}.Ad-Hoc|ARM.ActiveCfg = Debug|Any CPU
		{DC4B2B3E-2BD9-4750-95E1-FAF485D5C394}.Ad-Hoc|ARM.Build.0 = Debug|Any CPU
		{DC4B2B3E-2BD9-4750-95E1-FAF485D5C394}.Ad-Hoc|iPhone.ActiveCfg = Release|Any CPU
		{DC4B2B3E-2BD9-4750-95E1-FAF485D5C394}.Ad-Hoc|iPhone.Build.0 = Release|Any CPU
		{DC4B2B3E-2BD9-4750-95E1-FAF485D5C394}.Ad-Hoc|iPhoneSimulator.ActiveCfg = Release|Any CPU
		{DC4B2B3E-2BD9-4750-95E1-FAF485D5C394}.Ad-Hoc|iPhoneSimulator.Build.0 = Release|Any CPU
		{DC4B2B3E-2BD9-4750-95E1-FAF485D5C394}.Ad-Hoc|x64.ActiveCfg = Debug|Any CPU
		{DC4B2B3E-2BD9-4750-95E1-FAF485D5C394}.Ad-Hoc|x64.Build.0 = Debug|Any CPU
		{DC4B2B3E-2BD9-4750-95E1-FAF485D5C394}.Ad-Hoc|x86.ActiveCfg = Debug|Any CPU
		{DC4B2B3E-2BD9-4750-95E1-FAF485D5C394}.Ad-Hoc|x86.Build.0 = Debug|Any CPU
		{DC4B2B3E-2BD9-4750-95E1-FAF485D5C394}.AppStore|Any CPU.ActiveCfg = Release|Any CPU
		{DC4B2B3E-2BD9-4750-95E1-FAF485D5C394}.AppStore|Any CPU.Build.0 = Release|Any CPU
		{DC4B2B3E-2BD9-4750-95E1-FAF485D5C394}.AppStore|ARM.ActiveCfg = Debug|Any CPU
		{DC4B2B3E-2BD9-4750-95E1-FAF485D5C394}.AppStore|ARM.Build.0 = Debug|Any CPU
		{DC4B2B3E-2BD9-4750-95E1-FAF485D5C394}.AppStore|iPhone.ActiveCfg = Release|Any CPU
		{DC4B2B3E-2BD9-4750-95E1-FAF485D5C394}.AppStore|iPhone.Build.0 = Release|Any CPU
		{DC4B2B3E-2BD9-4750-95E1-FAF485D5C394}.AppStore|iPhoneSimulator.ActiveCfg = Release|Any CPU
		{DC4B2B3E-2BD9-4750-95E1-FAF485D5C394}.AppStore|iPhoneSimulator.Build.0 = Release|Any CPU
		{DC4B2B3E-2BD9-4750-95E1-FAF485D5C394}.AppStore|x64.ActiveCfg = Debug|Any CPU
		{DC4B2B3E-2BD9-4750-95E1-FAF485D5C394}.AppStore|x64.Build.0 = Debug|Any CPU
		{DC4B2B3E-2BD9-4750-95E1-FAF485D5C394}.AppStore|x86.ActiveCfg = Debug|Any CPU
		{DC4B2B3E-2BD9-4750-95E1-FAF485D5C394}.AppStore|x86.Build.0 = Debug|Any CPU
		{DC4B2B3E-2BD9-4750-95E1-FAF485D5C394}.Debug|Any CPU.ActiveCfg = Debug|Any CPU
		{DC4B2B3E-2BD9-4750-95E1-FAF485D5C394}.Debug|Any CPU.Build.0 = Debug|Any CPU
		{DC4B2B3E-2BD9-4750-95E1-FAF485D5C394}.Debug|ARM.ActiveCfg = Debug|Any CPU
		{DC4B2B3E-2BD9-4750-95E1-FAF485D5C394}.Debug|ARM.Build.0 = Debug|Any CPU
		{DC4B2B3E-2BD9-4750-95E1-FAF485D5C394}.Debug|iPhone.ActiveCfg = Debug|Any CPU
		{DC4B2B3E-2BD9-4750-95E1-FAF485D5C394}.Debug|iPhone.Build.0 = Debug|Any CPU
		{DC4B2B3E-2BD9-4750-95E1-FAF485D5C394}.Debug|iPhoneSimulator.ActiveCfg = Debug|Any CPU
		{DC4B2B3E-2BD9-4750-95E1-FAF485D5C394}.Debug|iPhoneSimulator.Build.0 = Debug|Any CPU
		{DC4B2B3E-2BD9-4750-95E1-FAF485D5C394}.Debug|x64.ActiveCfg = Debug|Any CPU
		{DC4B2B3E-2BD9-4750-95E1-FAF485D5C394}.Debug|x64.Build.0 = Debug|Any CPU
		{DC4B2B3E-2BD9-4750-95E1-FAF485D5C394}.Debug|x86.ActiveCfg = Debug|Any CPU
		{DC4B2B3E-2BD9-4750-95E1-FAF485D5C394}.Debug|x86.Build.0 = Debug|Any CPU
		{DC4B2B3E-2BD9-4750-95E1-FAF485D5C394}.Release|Any CPU.ActiveCfg = Release|Any CPU
		{DC4B2B3E-2BD9-4750-95E1-FAF485D5C394}.Release|Any CPU.Build.0 = Release|Any CPU
		{DC4B2B3E-2BD9-4750-95E1-FAF485D5C394}.Release|ARM.ActiveCfg = Release|Any CPU
		{DC4B2B3E-2BD9-4750-95E1-FAF485D5C394}.Release|ARM.Build.0 = Release|Any CPU
		{DC4B2B3E-2BD9-4750-95E1-FAF485D5C394}.Release|iPhone.ActiveCfg = Release|Any CPU
		{DC4B2B3E-2BD9-4750-95E1-FAF485D5C394}.Release|iPhone.Build.0 = Release|Any CPU
		{DC4B2B3E-2BD9-4750-95E1-FAF485D5C394}.Release|iPhoneSimulator.ActiveCfg = Release|Any CPU
		{DC4B2B3E-2BD9-4750-95E1-FAF485D5C394}.Release|iPhoneSimulator.Build.0 = Release|Any CPU
		{DC4B2B3E-2BD9-4750-95E1-FAF485D5C394}.Release|x64.ActiveCfg = Release|Any CPU
		{DC4B2B3E-2BD9-4750-95E1-FAF485D5C394}.Release|x64.Build.0 = Release|Any CPU
		{DC4B2B3E-2BD9-4750-95E1-FAF485D5C394}.Release|x86.ActiveCfg = Release|Any CPU
		{DC4B2B3E-2BD9-4750-95E1-FAF485D5C394}.Release|x86.Build.0 = Release|Any CPU
		{ECA521F1-372C-4841-9B7E-86F1D612938E}.Ad-Hoc|Any CPU.ActiveCfg = Release|Any CPU
		{ECA521F1-372C-4841-9B7E-86F1D612938E}.Ad-Hoc|Any CPU.Build.0 = Release|Any CPU
		{ECA521F1-372C-4841-9B7E-86F1D612938E}.Ad-Hoc|ARM.ActiveCfg = Debug|Any CPU
		{ECA521F1-372C-4841-9B7E-86F1D612938E}.Ad-Hoc|ARM.Build.0 = Debug|Any CPU
		{ECA521F1-372C-4841-9B7E-86F1D612938E}.Ad-Hoc|iPhone.ActiveCfg = Release|Any CPU
		{ECA521F1-372C-4841-9B7E-86F1D612938E}.Ad-Hoc|iPhone.Build.0 = Release|Any CPU
		{ECA521F1-372C-4841-9B7E-86F1D612938E}.Ad-Hoc|iPhoneSimulator.ActiveCfg = Release|Any CPU
		{ECA521F1-372C-4841-9B7E-86F1D612938E}.Ad-Hoc|iPhoneSimulator.Build.0 = Release|Any CPU
		{ECA521F1-372C-4841-9B7E-86F1D612938E}.Ad-Hoc|x64.ActiveCfg = Debug|Any CPU
		{ECA521F1-372C-4841-9B7E-86F1D612938E}.Ad-Hoc|x64.Build.0 = Debug|Any CPU
		{ECA521F1-372C-4841-9B7E-86F1D612938E}.Ad-Hoc|x86.ActiveCfg = Debug|Any CPU
		{ECA521F1-372C-4841-9B7E-86F1D612938E}.Ad-Hoc|x86.Build.0 = Debug|Any CPU
		{ECA521F1-372C-4841-9B7E-86F1D612938E}.AppStore|Any CPU.ActiveCfg = Release|Any CPU
		{ECA521F1-372C-4841-9B7E-86F1D612938E}.AppStore|Any CPU.Build.0 = Release|Any CPU
		{ECA521F1-372C-4841-9B7E-86F1D612938E}.AppStore|ARM.ActiveCfg = Debug|Any CPU
		{ECA521F1-372C-4841-9B7E-86F1D612938E}.AppStore|ARM.Build.0 = Debug|Any CPU
		{ECA521F1-372C-4841-9B7E-86F1D612938E}.AppStore|iPhone.ActiveCfg = Release|Any CPU
		{ECA521F1-372C-4841-9B7E-86F1D612938E}.AppStore|iPhone.Build.0 = Release|Any CPU
		{ECA521F1-372C-4841-9B7E-86F1D612938E}.AppStore|iPhoneSimulator.ActiveCfg = Release|Any CPU
		{ECA521F1-372C-4841-9B7E-86F1D612938E}.AppStore|iPhoneSimulator.Build.0 = Release|Any CPU
		{ECA521F1-372C-4841-9B7E-86F1D612938E}.AppStore|x64.ActiveCfg = Debug|Any CPU
		{ECA521F1-372C-4841-9B7E-86F1D612938E}.AppStore|x64.Build.0 = Debug|Any CPU
		{ECA521F1-372C-4841-9B7E-86F1D612938E}.AppStore|x86.ActiveCfg = Debug|Any CPU
		{ECA521F1-372C-4841-9B7E-86F1D612938E}.AppStore|x86.Build.0 = Debug|Any CPU
		{ECA521F1-372C-4841-9B7E-86F1D612938E}.Debug|Any CPU.ActiveCfg = Debug|Any CPU
		{ECA521F1-372C-4841-9B7E-86F1D612938E}.Debug|Any CPU.Build.0 = Debug|Any CPU
		{ECA521F1-372C-4841-9B7E-86F1D612938E}.Debug|ARM.ActiveCfg = Debug|Any CPU
		{ECA521F1-372C-4841-9B7E-86F1D612938E}.Debug|ARM.Build.0 = Debug|Any CPU
		{ECA521F1-372C-4841-9B7E-86F1D612938E}.Debug|iPhone.ActiveCfg = Debug|Any CPU
		{ECA521F1-372C-4841-9B7E-86F1D612938E}.Debug|iPhone.Build.0 = Debug|Any CPU
		{ECA521F1-372C-4841-9B7E-86F1D612938E}.Debug|iPhoneSimulator.ActiveCfg = Debug|Any CPU
		{ECA521F1-372C-4841-9B7E-86F1D612938E}.Debug|iPhoneSimulator.Build.0 = Debug|Any CPU
		{ECA521F1-372C-4841-9B7E-86F1D612938E}.Debug|x64.ActiveCfg = Debug|Any CPU
		{ECA521F1-372C-4841-9B7E-86F1D612938E}.Debug|x64.Build.0 = Debug|Any CPU
		{ECA521F1-372C-4841-9B7E-86F1D612938E}.Debug|x86.ActiveCfg = Debug|Any CPU
		{ECA521F1-372C-4841-9B7E-86F1D612938E}.Debug|x86.Build.0 = Debug|Any CPU
		{ECA521F1-372C-4841-9B7E-86F1D612938E}.Release|Any CPU.ActiveCfg = Release|Any CPU
		{ECA521F1-372C-4841-9B7E-86F1D612938E}.Release|Any CPU.Build.0 = Release|Any CPU
		{ECA521F1-372C-4841-9B7E-86F1D612938E}.Release|ARM.ActiveCfg = Release|Any CPU
		{ECA521F1-372C-4841-9B7E-86F1D612938E}.Release|ARM.Build.0 = Release|Any CPU
		{ECA521F1-372C-4841-9B7E-86F1D612938E}.Release|iPhone.ActiveCfg = Release|Any CPU
		{ECA521F1-372C-4841-9B7E-86F1D612938E}.Release|iPhone.Build.0 = Release|Any CPU
		{ECA521F1-372C-4841-9B7E-86F1D612938E}.Release|iPhoneSimulator.ActiveCfg = Release|Any CPU
		{ECA521F1-372C-4841-9B7E-86F1D612938E}.Release|iPhoneSimulator.Build.0 = Release|Any CPU
		{ECA521F1-372C-4841-9B7E-86F1D612938E}.Release|x64.ActiveCfg = Release|Any CPU
		{ECA521F1-372C-4841-9B7E-86F1D612938E}.Release|x64.Build.0 = Release|Any CPU
		{ECA521F1-372C-4841-9B7E-86F1D612938E}.Release|x86.ActiveCfg = Release|Any CPU
		{ECA521F1-372C-4841-9B7E-86F1D612938E}.Release|x86.Build.0 = Release|Any CPU
		{318A7D0F-5E8F-4CFE-BE13-7DCA1235E0AE}.Ad-Hoc|Any CPU.ActiveCfg = Release|Any CPU
		{318A7D0F-5E8F-4CFE-BE13-7DCA1235E0AE}.Ad-Hoc|Any CPU.Build.0 = Release|Any CPU
		{318A7D0F-5E8F-4CFE-BE13-7DCA1235E0AE}.Ad-Hoc|ARM.ActiveCfg = Release|Any CPU
		{318A7D0F-5E8F-4CFE-BE13-7DCA1235E0AE}.Ad-Hoc|ARM.Build.0 = Release|Any CPU
		{318A7D0F-5E8F-4CFE-BE13-7DCA1235E0AE}.Ad-Hoc|iPhone.ActiveCfg = Release|Any CPU
		{318A7D0F-5E8F-4CFE-BE13-7DCA1235E0AE}.Ad-Hoc|iPhone.Build.0 = Release|Any CPU
		{318A7D0F-5E8F-4CFE-BE13-7DCA1235E0AE}.Ad-Hoc|iPhoneSimulator.ActiveCfg = Release|Any CPU
		{318A7D0F-5E8F-4CFE-BE13-7DCA1235E0AE}.Ad-Hoc|iPhoneSimulator.Build.0 = Release|Any CPU
		{318A7D0F-5E8F-4CFE-BE13-7DCA1235E0AE}.Ad-Hoc|x64.ActiveCfg = Release|Any CPU
		{318A7D0F-5E8F-4CFE-BE13-7DCA1235E0AE}.Ad-Hoc|x64.Build.0 = Release|Any CPU
		{318A7D0F-5E8F-4CFE-BE13-7DCA1235E0AE}.Ad-Hoc|x86.ActiveCfg = Release|Any CPU
		{318A7D0F-5E8F-4CFE-BE13-7DCA1235E0AE}.Ad-Hoc|x86.Build.0 = Release|Any CPU
		{318A7D0F-5E8F-4CFE-BE13-7DCA1235E0AE}.AppStore|Any CPU.ActiveCfg = Release|Any CPU
		{318A7D0F-5E8F-4CFE-BE13-7DCA1235E0AE}.AppStore|Any CPU.Build.0 = Release|Any CPU
		{318A7D0F-5E8F-4CFE-BE13-7DCA1235E0AE}.AppStore|ARM.ActiveCfg = Release|Any CPU
		{318A7D0F-5E8F-4CFE-BE13-7DCA1235E0AE}.AppStore|ARM.Build.0 = Release|Any CPU
		{318A7D0F-5E8F-4CFE-BE13-7DCA1235E0AE}.AppStore|iPhone.ActiveCfg = Release|Any CPU
		{318A7D0F-5E8F-4CFE-BE13-7DCA1235E0AE}.AppStore|iPhone.Build.0 = Release|Any CPU
		{318A7D0F-5E8F-4CFE-BE13-7DCA1235E0AE}.AppStore|iPhoneSimulator.ActiveCfg = Release|Any CPU
		{318A7D0F-5E8F-4CFE-BE13-7DCA1235E0AE}.AppStore|iPhoneSimulator.Build.0 = Release|Any CPU
		{318A7D0F-5E8F-4CFE-BE13-7DCA1235E0AE}.AppStore|x64.ActiveCfg = Release|Any CPU
		{318A7D0F-5E8F-4CFE-BE13-7DCA1235E0AE}.AppStore|x64.Build.0 = Release|Any CPU
		{318A7D0F-5E8F-4CFE-BE13-7DCA1235E0AE}.AppStore|x86.ActiveCfg = Release|Any CPU
		{318A7D0F-5E8F-4CFE-BE13-7DCA1235E0AE}.AppStore|x86.Build.0 = Release|Any CPU
		{318A7D0F-5E8F-4CFE-BE13-7DCA1235E0AE}.Debug|Any CPU.ActiveCfg = Debug|Any CPU
		{318A7D0F-5E8F-4CFE-BE13-7DCA1235E0AE}.Debug|Any CPU.Build.0 = Debug|Any CPU
		{318A7D0F-5E8F-4CFE-BE13-7DCA1235E0AE}.Debug|ARM.ActiveCfg = Debug|Any CPU
		{318A7D0F-5E8F-4CFE-BE13-7DCA1235E0AE}.Debug|ARM.Build.0 = Debug|Any CPU
		{318A7D0F-5E8F-4CFE-BE13-7DCA1235E0AE}.Debug|iPhone.ActiveCfg = Debug|Any CPU
		{318A7D0F-5E8F-4CFE-BE13-7DCA1235E0AE}.Debug|iPhone.Build.0 = Debug|Any CPU
		{318A7D0F-5E8F-4CFE-BE13-7DCA1235E0AE}.Debug|iPhoneSimulator.ActiveCfg = Debug|Any CPU
		{318A7D0F-5E8F-4CFE-BE13-7DCA1235E0AE}.Debug|iPhoneSimulator.Build.0 = Debug|Any CPU
		{318A7D0F-5E8F-4CFE-BE13-7DCA1235E0AE}.Debug|x64.ActiveCfg = Debug|Any CPU
		{318A7D0F-5E8F-4CFE-BE13-7DCA1235E0AE}.Debug|x64.Build.0 = Debug|Any CPU
		{318A7D0F-5E8F-4CFE-BE13-7DCA1235E0AE}.Debug|x86.ActiveCfg = Debug|Any CPU
		{318A7D0F-5E8F-4CFE-BE13-7DCA1235E0AE}.Debug|x86.Build.0 = Debug|Any CPU
		{318A7D0F-5E8F-4CFE-BE13-7DCA1235E0AE}.Release|Any CPU.ActiveCfg = Release|Any CPU
		{318A7D0F-5E8F-4CFE-BE13-7DCA1235E0AE}.Release|Any CPU.Build.0 = Release|Any CPU
		{318A7D0F-5E8F-4CFE-BE13-7DCA1235E0AE}.Release|ARM.ActiveCfg = Release|Any CPU
		{318A7D0F-5E8F-4CFE-BE13-7DCA1235E0AE}.Release|ARM.Build.0 = Release|Any CPU
		{318A7D0F-5E8F-4CFE-BE13-7DCA1235E0AE}.Release|iPhone.ActiveCfg = Release|Any CPU
		{318A7D0F-5E8F-4CFE-BE13-7DCA1235E0AE}.Release|iPhone.Build.0 = Release|Any CPU
		{318A7D0F-5E8F-4CFE-BE13-7DCA1235E0AE}.Release|iPhoneSimulator.ActiveCfg = Release|Any CPU
		{318A7D0F-5E8F-4CFE-BE13-7DCA1235E0AE}.Release|iPhoneSimulator.Build.0 = Release|Any CPU
		{318A7D0F-5E8F-4CFE-BE13-7DCA1235E0AE}.Release|x64.ActiveCfg = Release|Any CPU
		{318A7D0F-5E8F-4CFE-BE13-7DCA1235E0AE}.Release|x64.Build.0 = Release|Any CPU
		{318A7D0F-5E8F-4CFE-BE13-7DCA1235E0AE}.Release|x86.ActiveCfg = Release|Any CPU
		{318A7D0F-5E8F-4CFE-BE13-7DCA1235E0AE}.Release|x86.Build.0 = Release|Any CPU
		{B1859A31-9087-4AB9-9B9D-A0DF28C1678D}.Ad-Hoc|Any CPU.ActiveCfg = Release|Any CPU
		{B1859A31-9087-4AB9-9B9D-A0DF28C1678D}.Ad-Hoc|Any CPU.Build.0 = Release|Any CPU
		{B1859A31-9087-4AB9-9B9D-A0DF28C1678D}.Ad-Hoc|ARM.ActiveCfg = Release|Any CPU
		{B1859A31-9087-4AB9-9B9D-A0DF28C1678D}.Ad-Hoc|ARM.Build.0 = Release|Any CPU
		{B1859A31-9087-4AB9-9B9D-A0DF28C1678D}.Ad-Hoc|iPhone.ActiveCfg = Release|Any CPU
		{B1859A31-9087-4AB9-9B9D-A0DF28C1678D}.Ad-Hoc|iPhone.Build.0 = Release|Any CPU
		{B1859A31-9087-4AB9-9B9D-A0DF28C1678D}.Ad-Hoc|iPhoneSimulator.ActiveCfg = Release|Any CPU
		{B1859A31-9087-4AB9-9B9D-A0DF28C1678D}.Ad-Hoc|iPhoneSimulator.Build.0 = Release|Any CPU
		{B1859A31-9087-4AB9-9B9D-A0DF28C1678D}.Ad-Hoc|x64.ActiveCfg = Release|Any CPU
		{B1859A31-9087-4AB9-9B9D-A0DF28C1678D}.Ad-Hoc|x64.Build.0 = Release|Any CPU
		{B1859A31-9087-4AB9-9B9D-A0DF28C1678D}.Ad-Hoc|x86.ActiveCfg = Release|Any CPU
		{B1859A31-9087-4AB9-9B9D-A0DF28C1678D}.Ad-Hoc|x86.Build.0 = Release|Any CPU
		{B1859A31-9087-4AB9-9B9D-A0DF28C1678D}.AppStore|Any CPU.ActiveCfg = Release|Any CPU
		{B1859A31-9087-4AB9-9B9D-A0DF28C1678D}.AppStore|Any CPU.Build.0 = Release|Any CPU
		{B1859A31-9087-4AB9-9B9D-A0DF28C1678D}.AppStore|ARM.ActiveCfg = Release|Any CPU
		{B1859A31-9087-4AB9-9B9D-A0DF28C1678D}.AppStore|ARM.Build.0 = Release|Any CPU
		{B1859A31-9087-4AB9-9B9D-A0DF28C1678D}.AppStore|iPhone.ActiveCfg = Release|Any CPU
		{B1859A31-9087-4AB9-9B9D-A0DF28C1678D}.AppStore|iPhone.Build.0 = Release|Any CPU
		{B1859A31-9087-4AB9-9B9D-A0DF28C1678D}.AppStore|iPhoneSimulator.ActiveCfg = Release|Any CPU
		{B1859A31-9087-4AB9-9B9D-A0DF28C1678D}.AppStore|iPhoneSimulator.Build.0 = Release|Any CPU
		{B1859A31-9087-4AB9-9B9D-A0DF28C1678D}.AppStore|x64.ActiveCfg = Release|Any CPU
		{B1859A31-9087-4AB9-9B9D-A0DF28C1678D}.AppStore|x64.Build.0 = Release|Any CPU
		{B1859A31-9087-4AB9-9B9D-A0DF28C1678D}.AppStore|x86.ActiveCfg = Release|Any CPU
		{B1859A31-9087-4AB9-9B9D-A0DF28C1678D}.AppStore|x86.Build.0 = Release|Any CPU
		{B1859A31-9087-4AB9-9B9D-A0DF28C1678D}.Debug|Any CPU.ActiveCfg = Debug|Any CPU
		{B1859A31-9087-4AB9-9B9D-A0DF28C1678D}.Debug|Any CPU.Build.0 = Debug|Any CPU
		{B1859A31-9087-4AB9-9B9D-A0DF28C1678D}.Debug|ARM.ActiveCfg = Debug|Any CPU
		{B1859A31-9087-4AB9-9B9D-A0DF28C1678D}.Debug|ARM.Build.0 = Debug|Any CPU
		{B1859A31-9087-4AB9-9B9D-A0DF28C1678D}.Debug|iPhone.ActiveCfg = Debug|Any CPU
		{B1859A31-9087-4AB9-9B9D-A0DF28C1678D}.Debug|iPhone.Build.0 = Debug|Any CPU
		{B1859A31-9087-4AB9-9B9D-A0DF28C1678D}.Debug|iPhoneSimulator.ActiveCfg = Debug|Any CPU
		{B1859A31-9087-4AB9-9B9D-A0DF28C1678D}.Debug|iPhoneSimulator.Build.0 = Debug|Any CPU
		{B1859A31-9087-4AB9-9B9D-A0DF28C1678D}.Debug|x64.ActiveCfg = Debug|Any CPU
		{B1859A31-9087-4AB9-9B9D-A0DF28C1678D}.Debug|x64.Build.0 = Debug|Any CPU
		{B1859A31-9087-4AB9-9B9D-A0DF28C1678D}.Debug|x86.ActiveCfg = Debug|Any CPU
		{B1859A31-9087-4AB9-9B9D-A0DF28C1678D}.Debug|x86.Build.0 = Debug|Any CPU
		{B1859A31-9087-4AB9-9B9D-A0DF28C1678D}.Release|Any CPU.ActiveCfg = Release|Any CPU
		{B1859A31-9087-4AB9-9B9D-A0DF28C1678D}.Release|Any CPU.Build.0 = Release|Any CPU
		{B1859A31-9087-4AB9-9B9D-A0DF28C1678D}.Release|ARM.ActiveCfg = Release|Any CPU
		{B1859A31-9087-4AB9-9B9D-A0DF28C1678D}.Release|ARM.Build.0 = Release|Any CPU
		{B1859A31-9087-4AB9-9B9D-A0DF28C1678D}.Release|iPhone.ActiveCfg = Release|Any CPU
		{B1859A31-9087-4AB9-9B9D-A0DF28C1678D}.Release|iPhone.Build.0 = Release|Any CPU
		{B1859A31-9087-4AB9-9B9D-A0DF28C1678D}.Release|iPhoneSimulator.ActiveCfg = Release|Any CPU
		{B1859A31-9087-4AB9-9B9D-A0DF28C1678D}.Release|iPhoneSimulator.Build.0 = Release|Any CPU
		{B1859A31-9087-4AB9-9B9D-A0DF28C1678D}.Release|x64.ActiveCfg = Release|Any CPU
		{B1859A31-9087-4AB9-9B9D-A0DF28C1678D}.Release|x64.Build.0 = Release|Any CPU
		{B1859A31-9087-4AB9-9B9D-A0DF28C1678D}.Release|x86.ActiveCfg = Release|Any CPU
		{B1859A31-9087-4AB9-9B9D-A0DF28C1678D}.Release|x86.Build.0 = Release|Any CPU
		{D19DAA47-6696-40F4-8D7C-591A16D3991E}.Ad-Hoc|Any CPU.ActiveCfg = Release|Any CPU
		{D19DAA47-6696-40F4-8D7C-591A16D3991E}.Ad-Hoc|Any CPU.Build.0 = Release|Any CPU
		{D19DAA47-6696-40F4-8D7C-591A16D3991E}.Ad-Hoc|ARM.ActiveCfg = Release|Any CPU
		{D19DAA47-6696-40F4-8D7C-591A16D3991E}.Ad-Hoc|ARM.Build.0 = Release|Any CPU
		{D19DAA47-6696-40F4-8D7C-591A16D3991E}.Ad-Hoc|iPhone.ActiveCfg = Release|Any CPU
		{D19DAA47-6696-40F4-8D7C-591A16D3991E}.Ad-Hoc|iPhone.Build.0 = Release|Any CPU
		{D19DAA47-6696-40F4-8D7C-591A16D3991E}.Ad-Hoc|iPhoneSimulator.ActiveCfg = Release|Any CPU
		{D19DAA47-6696-40F4-8D7C-591A16D3991E}.Ad-Hoc|iPhoneSimulator.Build.0 = Release|Any CPU
		{D19DAA47-6696-40F4-8D7C-591A16D3991E}.Ad-Hoc|x64.ActiveCfg = Release|Any CPU
		{D19DAA47-6696-40F4-8D7C-591A16D3991E}.Ad-Hoc|x64.Build.0 = Release|Any CPU
		{D19DAA47-6696-40F4-8D7C-591A16D3991E}.Ad-Hoc|x86.ActiveCfg = Release|Any CPU
		{D19DAA47-6696-40F4-8D7C-591A16D3991E}.Ad-Hoc|x86.Build.0 = Release|Any CPU
		{D19DAA47-6696-40F4-8D7C-591A16D3991E}.AppStore|Any CPU.ActiveCfg = Release|Any CPU
		{D19DAA47-6696-40F4-8D7C-591A16D3991E}.AppStore|Any CPU.Build.0 = Release|Any CPU
		{D19DAA47-6696-40F4-8D7C-591A16D3991E}.AppStore|ARM.ActiveCfg = Release|Any CPU
		{D19DAA47-6696-40F4-8D7C-591A16D3991E}.AppStore|ARM.Build.0 = Release|Any CPU
		{D19DAA47-6696-40F4-8D7C-591A16D3991E}.AppStore|iPhone.ActiveCfg = Release|Any CPU
		{D19DAA47-6696-40F4-8D7C-591A16D3991E}.AppStore|iPhone.Build.0 = Release|Any CPU
		{D19DAA47-6696-40F4-8D7C-591A16D3991E}.AppStore|iPhoneSimulator.ActiveCfg = Release|Any CPU
		{D19DAA47-6696-40F4-8D7C-591A16D3991E}.AppStore|iPhoneSimulator.Build.0 = Release|Any CPU
		{D19DAA47-6696-40F4-8D7C-591A16D3991E}.AppStore|x64.ActiveCfg = Release|Any CPU
		{D19DAA47-6696-40F4-8D7C-591A16D3991E}.AppStore|x64.Build.0 = Release|Any CPU
		{D19DAA47-6696-40F4-8D7C-591A16D3991E}.AppStore|x86.ActiveCfg = Release|Any CPU
		{D19DAA47-6696-40F4-8D7C-591A16D3991E}.AppStore|x86.Build.0 = Release|Any CPU
		{D19DAA47-6696-40F4-8D7C-591A16D3991E}.Debug|Any CPU.ActiveCfg = Debug|Any CPU
		{D19DAA47-6696-40F4-8D7C-591A16D3991E}.Debug|Any CPU.Build.0 = Debug|Any CPU
		{D19DAA47-6696-40F4-8D7C-591A16D3991E}.Debug|ARM.ActiveCfg = Debug|Any CPU
		{D19DAA47-6696-40F4-8D7C-591A16D3991E}.Debug|ARM.Build.0 = Debug|Any CPU
		{D19DAA47-6696-40F4-8D7C-591A16D3991E}.Debug|iPhone.ActiveCfg = Debug|Any CPU
		{D19DAA47-6696-40F4-8D7C-591A16D3991E}.Debug|iPhone.Build.0 = Debug|Any CPU
		{D19DAA47-6696-40F4-8D7C-591A16D3991E}.Debug|iPhoneSimulator.ActiveCfg = Debug|Any CPU
		{D19DAA47-6696-40F4-8D7C-591A16D3991E}.Debug|iPhoneSimulator.Build.0 = Debug|Any CPU
		{D19DAA47-6696-40F4-8D7C-591A16D3991E}.Debug|x64.ActiveCfg = Debug|Any CPU
		{D19DAA47-6696-40F4-8D7C-591A16D3991E}.Debug|x64.Build.0 = Debug|Any CPU
		{D19DAA47-6696-40F4-8D7C-591A16D3991E}.Debug|x86.ActiveCfg = Debug|Any CPU
		{D19DAA47-6696-40F4-8D7C-591A16D3991E}.Debug|x86.Build.0 = Debug|Any CPU
		{D19DAA47-6696-40F4-8D7C-591A16D3991E}.Release|Any CPU.ActiveCfg = Release|Any CPU
		{D19DAA47-6696-40F4-8D7C-591A16D3991E}.Release|Any CPU.Build.0 = Release|Any CPU
		{D19DAA47-6696-40F4-8D7C-591A16D3991E}.Release|ARM.ActiveCfg = Release|Any CPU
		{D19DAA47-6696-40F4-8D7C-591A16D3991E}.Release|ARM.Build.0 = Release|Any CPU
		{D19DAA47-6696-40F4-8D7C-591A16D3991E}.Release|iPhone.ActiveCfg = Release|Any CPU
		{D19DAA47-6696-40F4-8D7C-591A16D3991E}.Release|iPhone.Build.0 = Release|Any CPU
		{D19DAA47-6696-40F4-8D7C-591A16D3991E}.Release|iPhoneSimulator.ActiveCfg = Release|Any CPU
		{D19DAA47-6696-40F4-8D7C-591A16D3991E}.Release|iPhoneSimulator.Build.0 = Release|Any CPU
		{D19DAA47-6696-40F4-8D7C-591A16D3991E}.Release|x64.ActiveCfg = Release|Any CPU
		{D19DAA47-6696-40F4-8D7C-591A16D3991E}.Release|x64.Build.0 = Release|Any CPU
		{D19DAA47-6696-40F4-8D7C-591A16D3991E}.Release|x86.ActiveCfg = Release|Any CPU
		{D19DAA47-6696-40F4-8D7C-591A16D3991E}.Release|x86.Build.0 = Release|Any CPU
		{C8FE4F23-70B6-475D-9B87-BD655B8CD22D}.Ad-Hoc|Any CPU.ActiveCfg = Release|Any CPU
		{C8FE4F23-70B6-475D-9B87-BD655B8CD22D}.Ad-Hoc|Any CPU.Build.0 = Release|Any CPU
		{C8FE4F23-70B6-475D-9B87-BD655B8CD22D}.Ad-Hoc|ARM.ActiveCfg = Release|Any CPU
		{C8FE4F23-70B6-475D-9B87-BD655B8CD22D}.Ad-Hoc|ARM.Build.0 = Release|Any CPU
		{C8FE4F23-70B6-475D-9B87-BD655B8CD22D}.Ad-Hoc|iPhone.ActiveCfg = Release|Any CPU
		{C8FE4F23-70B6-475D-9B87-BD655B8CD22D}.Ad-Hoc|iPhone.Build.0 = Release|Any CPU
		{C8FE4F23-70B6-475D-9B87-BD655B8CD22D}.Ad-Hoc|iPhoneSimulator.ActiveCfg = Release|Any CPU
		{C8FE4F23-70B6-475D-9B87-BD655B8CD22D}.Ad-Hoc|iPhoneSimulator.Build.0 = Release|Any CPU
		{C8FE4F23-70B6-475D-9B87-BD655B8CD22D}.Ad-Hoc|x64.ActiveCfg = Release|Any CPU
		{C8FE4F23-70B6-475D-9B87-BD655B8CD22D}.Ad-Hoc|x64.Build.0 = Release|Any CPU
		{C8FE4F23-70B6-475D-9B87-BD655B8CD22D}.Ad-Hoc|x86.ActiveCfg = Release|Any CPU
		{C8FE4F23-70B6-475D-9B87-BD655B8CD22D}.Ad-Hoc|x86.Build.0 = Release|Any CPU
		{C8FE4F23-70B6-475D-9B87-BD655B8CD22D}.AppStore|Any CPU.ActiveCfg = Release|Any CPU
		{C8FE4F23-70B6-475D-9B87-BD655B8CD22D}.AppStore|Any CPU.Build.0 = Release|Any CPU
		{C8FE4F23-70B6-475D-9B87-BD655B8CD22D}.AppStore|ARM.ActiveCfg = Release|Any CPU
		{C8FE4F23-70B6-475D-9B87-BD655B8CD22D}.AppStore|ARM.Build.0 = Release|Any CPU
		{C8FE4F23-70B6-475D-9B87-BD655B8CD22D}.AppStore|iPhone.ActiveCfg = Release|Any CPU
		{C8FE4F23-70B6-475D-9B87-BD655B8CD22D}.AppStore|iPhone.Build.0 = Release|Any CPU
		{C8FE4F23-70B6-475D-9B87-BD655B8CD22D}.AppStore|iPhoneSimulator.ActiveCfg = Release|Any CPU
		{C8FE4F23-70B6-475D-9B87-BD655B8CD22D}.AppStore|iPhoneSimulator.Build.0 = Release|Any CPU
		{C8FE4F23-70B6-475D-9B87-BD655B8CD22D}.AppStore|x64.ActiveCfg = Release|Any CPU
		{C8FE4F23-70B6-475D-9B87-BD655B8CD22D}.AppStore|x64.Build.0 = Release|Any CPU
		{C8FE4F23-70B6-475D-9B87-BD655B8CD22D}.AppStore|x86.ActiveCfg = Release|Any CPU
		{C8FE4F23-70B6-475D-9B87-BD655B8CD22D}.AppStore|x86.Build.0 = Release|Any CPU
		{C8FE4F23-70B6-475D-9B87-BD655B8CD22D}.Debug|Any CPU.ActiveCfg = Debug|Any CPU
		{C8FE4F23-70B6-475D-9B87-BD655B8CD22D}.Debug|Any CPU.Build.0 = Debug|Any CPU
		{C8FE4F23-70B6-475D-9B87-BD655B8CD22D}.Debug|ARM.ActiveCfg = Debug|Any CPU
		{C8FE4F23-70B6-475D-9B87-BD655B8CD22D}.Debug|ARM.Build.0 = Debug|Any CPU
		{C8FE4F23-70B6-475D-9B87-BD655B8CD22D}.Debug|iPhone.ActiveCfg = Debug|Any CPU
		{C8FE4F23-70B6-475D-9B87-BD655B8CD22D}.Debug|iPhone.Build.0 = Debug|Any CPU
		{C8FE4F23-70B6-475D-9B87-BD655B8CD22D}.Debug|iPhoneSimulator.ActiveCfg = Debug|Any CPU
		{C8FE4F23-70B6-475D-9B87-BD655B8CD22D}.Debug|iPhoneSimulator.Build.0 = Debug|Any CPU
		{C8FE4F23-70B6-475D-9B87-BD655B8CD22D}.Debug|x64.ActiveCfg = Debug|Any CPU
		{C8FE4F23-70B6-475D-9B87-BD655B8CD22D}.Debug|x64.Build.0 = Debug|Any CPU
		{C8FE4F23-70B6-475D-9B87-BD655B8CD22D}.Debug|x86.ActiveCfg = Debug|Any CPU
		{C8FE4F23-70B6-475D-9B87-BD655B8CD22D}.Debug|x86.Build.0 = Debug|Any CPU
		{C8FE4F23-70B6-475D-9B87-BD655B8CD22D}.Release|Any CPU.ActiveCfg = Release|Any CPU
		{C8FE4F23-70B6-475D-9B87-BD655B8CD22D}.Release|Any CPU.Build.0 = Release|Any CPU
		{C8FE4F23-70B6-475D-9B87-BD655B8CD22D}.Release|ARM.ActiveCfg = Release|Any CPU
		{C8FE4F23-70B6-475D-9B87-BD655B8CD22D}.Release|ARM.Build.0 = Release|Any CPU
		{C8FE4F23-70B6-475D-9B87-BD655B8CD22D}.Release|iPhone.ActiveCfg = Release|Any CPU
		{C8FE4F23-70B6-475D-9B87-BD655B8CD22D}.Release|iPhone.Build.0 = Release|Any CPU
		{C8FE4F23-70B6-475D-9B87-BD655B8CD22D}.Release|iPhoneSimulator.ActiveCfg = Release|Any CPU
		{C8FE4F23-70B6-475D-9B87-BD655B8CD22D}.Release|iPhoneSimulator.Build.0 = Release|Any CPU
		{C8FE4F23-70B6-475D-9B87-BD655B8CD22D}.Release|x64.ActiveCfg = Release|Any CPU
		{C8FE4F23-70B6-475D-9B87-BD655B8CD22D}.Release|x64.Build.0 = Release|Any CPU
		{C8FE4F23-70B6-475D-9B87-BD655B8CD22D}.Release|x86.ActiveCfg = Release|Any CPU
		{C8FE4F23-70B6-475D-9B87-BD655B8CD22D}.Release|x86.Build.0 = Release|Any CPU
		{5187AA08-61CB-4749-81D5-4B78DC81633F}.Ad-Hoc|Any CPU.ActiveCfg = Release|Any CPU
		{5187AA08-61CB-4749-81D5-4B78DC81633F}.Ad-Hoc|Any CPU.Build.0 = Release|Any CPU
		{5187AA08-61CB-4749-81D5-4B78DC81633F}.Ad-Hoc|ARM.ActiveCfg = Release|Any CPU
		{5187AA08-61CB-4749-81D5-4B78DC81633F}.Ad-Hoc|ARM.Build.0 = Release|Any CPU
		{5187AA08-61CB-4749-81D5-4B78DC81633F}.Ad-Hoc|iPhone.ActiveCfg = Release|Any CPU
		{5187AA08-61CB-4749-81D5-4B78DC81633F}.Ad-Hoc|iPhone.Build.0 = Release|Any CPU
		{5187AA08-61CB-4749-81D5-4B78DC81633F}.Ad-Hoc|iPhoneSimulator.ActiveCfg = Release|Any CPU
		{5187AA08-61CB-4749-81D5-4B78DC81633F}.Ad-Hoc|iPhoneSimulator.Build.0 = Release|Any CPU
		{5187AA08-61CB-4749-81D5-4B78DC81633F}.Ad-Hoc|x64.ActiveCfg = Release|Any CPU
		{5187AA08-61CB-4749-81D5-4B78DC81633F}.Ad-Hoc|x64.Build.0 = Release|Any CPU
		{5187AA08-61CB-4749-81D5-4B78DC81633F}.Ad-Hoc|x86.ActiveCfg = Release|Any CPU
		{5187AA08-61CB-4749-81D5-4B78DC81633F}.Ad-Hoc|x86.Build.0 = Release|Any CPU
		{5187AA08-61CB-4749-81D5-4B78DC81633F}.AppStore|Any CPU.ActiveCfg = Release|Any CPU
		{5187AA08-61CB-4749-81D5-4B78DC81633F}.AppStore|Any CPU.Build.0 = Release|Any CPU
		{5187AA08-61CB-4749-81D5-4B78DC81633F}.AppStore|ARM.ActiveCfg = Release|Any CPU
		{5187AA08-61CB-4749-81D5-4B78DC81633F}.AppStore|ARM.Build.0 = Release|Any CPU
		{5187AA08-61CB-4749-81D5-4B78DC81633F}.AppStore|iPhone.ActiveCfg = Release|Any CPU
		{5187AA08-61CB-4749-81D5-4B78DC81633F}.AppStore|iPhone.Build.0 = Release|Any CPU
		{5187AA08-61CB-4749-81D5-4B78DC81633F}.AppStore|iPhoneSimulator.ActiveCfg = Release|Any CPU
		{5187AA08-61CB-4749-81D5-4B78DC81633F}.AppStore|iPhoneSimulator.Build.0 = Release|Any CPU
		{5187AA08-61CB-4749-81D5-4B78DC81633F}.AppStore|x64.ActiveCfg = Release|Any CPU
		{5187AA08-61CB-4749-81D5-4B78DC81633F}.AppStore|x64.Build.0 = Release|Any CPU
		{5187AA08-61CB-4749-81D5-4B78DC81633F}.AppStore|x86.ActiveCfg = Release|Any CPU
		{5187AA08-61CB-4749-81D5-4B78DC81633F}.AppStore|x86.Build.0 = Release|Any CPU
		{5187AA08-61CB-4749-81D5-4B78DC81633F}.Debug|Any CPU.ActiveCfg = Debug|Any CPU
		{5187AA08-61CB-4749-81D5-4B78DC81633F}.Debug|Any CPU.Build.0 = Debug|Any CPU
		{5187AA08-61CB-4749-81D5-4B78DC81633F}.Debug|ARM.ActiveCfg = Debug|Any CPU
		{5187AA08-61CB-4749-81D5-4B78DC81633F}.Debug|ARM.Build.0 = Debug|Any CPU
		{5187AA08-61CB-4749-81D5-4B78DC81633F}.Debug|iPhone.ActiveCfg = Debug|Any CPU
		{5187AA08-61CB-4749-81D5-4B78DC81633F}.Debug|iPhone.Build.0 = Debug|Any CPU
		{5187AA08-61CB-4749-81D5-4B78DC81633F}.Debug|iPhoneSimulator.ActiveCfg = Debug|Any CPU
		{5187AA08-61CB-4749-81D5-4B78DC81633F}.Debug|iPhoneSimulator.Build.0 = Debug|Any CPU
		{5187AA08-61CB-4749-81D5-4B78DC81633F}.Debug|x64.ActiveCfg = Debug|Any CPU
		{5187AA08-61CB-4749-81D5-4B78DC81633F}.Debug|x64.Build.0 = Debug|Any CPU
		{5187AA08-61CB-4749-81D5-4B78DC81633F}.Debug|x86.ActiveCfg = Debug|Any CPU
		{5187AA08-61CB-4749-81D5-4B78DC81633F}.Debug|x86.Build.0 = Debug|Any CPU
		{5187AA08-61CB-4749-81D5-4B78DC81633F}.Release|Any CPU.ActiveCfg = Release|Any CPU
		{5187AA08-61CB-4749-81D5-4B78DC81633F}.Release|Any CPU.Build.0 = Release|Any CPU
		{5187AA08-61CB-4749-81D5-4B78DC81633F}.Release|ARM.ActiveCfg = Release|Any CPU
		{5187AA08-61CB-4749-81D5-4B78DC81633F}.Release|ARM.Build.0 = Release|Any CPU
		{5187AA08-61CB-4749-81D5-4B78DC81633F}.Release|iPhone.ActiveCfg = Release|Any CPU
		{5187AA08-61CB-4749-81D5-4B78DC81633F}.Release|iPhone.Build.0 = Release|Any CPU
		{5187AA08-61CB-4749-81D5-4B78DC81633F}.Release|iPhoneSimulator.ActiveCfg = Release|Any CPU
		{5187AA08-61CB-4749-81D5-4B78DC81633F}.Release|iPhoneSimulator.Build.0 = Release|Any CPU
		{5187AA08-61CB-4749-81D5-4B78DC81633F}.Release|x64.ActiveCfg = Release|Any CPU
		{5187AA08-61CB-4749-81D5-4B78DC81633F}.Release|x64.Build.0 = Release|Any CPU
		{5187AA08-61CB-4749-81D5-4B78DC81633F}.Release|x86.ActiveCfg = Release|Any CPU
		{5187AA08-61CB-4749-81D5-4B78DC81633F}.Release|x86.Build.0 = Release|Any CPU
		{8DD64822-57A3-4FE9-9BFB-45B35AEB6164}.Ad-Hoc|Any CPU.ActiveCfg = Release|Any CPU
		{8DD64822-57A3-4FE9-9BFB-45B35AEB6164}.Ad-Hoc|Any CPU.Build.0 = Release|Any CPU
		{8DD64822-57A3-4FE9-9BFB-45B35AEB6164}.Ad-Hoc|ARM.ActiveCfg = Release|Any CPU
		{8DD64822-57A3-4FE9-9BFB-45B35AEB6164}.Ad-Hoc|ARM.Build.0 = Release|Any CPU
		{8DD64822-57A3-4FE9-9BFB-45B35AEB6164}.Ad-Hoc|iPhone.ActiveCfg = Release|Any CPU
		{8DD64822-57A3-4FE9-9BFB-45B35AEB6164}.Ad-Hoc|iPhone.Build.0 = Release|Any CPU
		{8DD64822-57A3-4FE9-9BFB-45B35AEB6164}.Ad-Hoc|iPhoneSimulator.ActiveCfg = Release|Any CPU
		{8DD64822-57A3-4FE9-9BFB-45B35AEB6164}.Ad-Hoc|iPhoneSimulator.Build.0 = Release|Any CPU
		{8DD64822-57A3-4FE9-9BFB-45B35AEB6164}.Ad-Hoc|x64.ActiveCfg = Release|Any CPU
		{8DD64822-57A3-4FE9-9BFB-45B35AEB6164}.Ad-Hoc|x64.Build.0 = Release|Any CPU
		{8DD64822-57A3-4FE9-9BFB-45B35AEB6164}.Ad-Hoc|x86.ActiveCfg = Release|Any CPU
		{8DD64822-57A3-4FE9-9BFB-45B35AEB6164}.Ad-Hoc|x86.Build.0 = Release|Any CPU
		{8DD64822-57A3-4FE9-9BFB-45B35AEB6164}.AppStore|Any CPU.ActiveCfg = Release|Any CPU
		{8DD64822-57A3-4FE9-9BFB-45B35AEB6164}.AppStore|Any CPU.Build.0 = Release|Any CPU
		{8DD64822-57A3-4FE9-9BFB-45B35AEB6164}.AppStore|ARM.ActiveCfg = Release|Any CPU
		{8DD64822-57A3-4FE9-9BFB-45B35AEB6164}.AppStore|ARM.Build.0 = Release|Any CPU
		{8DD64822-57A3-4FE9-9BFB-45B35AEB6164}.AppStore|iPhone.ActiveCfg = Release|Any CPU
		{8DD64822-57A3-4FE9-9BFB-45B35AEB6164}.AppStore|iPhone.Build.0 = Release|Any CPU
		{8DD64822-57A3-4FE9-9BFB-45B35AEB6164}.AppStore|iPhoneSimulator.ActiveCfg = Release|Any CPU
		{8DD64822-57A3-4FE9-9BFB-45B35AEB6164}.AppStore|iPhoneSimulator.Build.0 = Release|Any CPU
		{8DD64822-57A3-4FE9-9BFB-45B35AEB6164}.AppStore|x64.ActiveCfg = Release|Any CPU
		{8DD64822-57A3-4FE9-9BFB-45B35AEB6164}.AppStore|x64.Build.0 = Release|Any CPU
		{8DD64822-57A3-4FE9-9BFB-45B35AEB6164}.AppStore|x86.ActiveCfg = Release|Any CPU
		{8DD64822-57A3-4FE9-9BFB-45B35AEB6164}.AppStore|x86.Build.0 = Release|Any CPU
		{8DD64822-57A3-4FE9-9BFB-45B35AEB6164}.Debug|Any CPU.ActiveCfg = Debug|Any CPU
		{8DD64822-57A3-4FE9-9BFB-45B35AEB6164}.Debug|Any CPU.Build.0 = Debug|Any CPU
		{8DD64822-57A3-4FE9-9BFB-45B35AEB6164}.Debug|ARM.ActiveCfg = Debug|Any CPU
		{8DD64822-57A3-4FE9-9BFB-45B35AEB6164}.Debug|ARM.Build.0 = Debug|Any CPU
		{8DD64822-57A3-4FE9-9BFB-45B35AEB6164}.Debug|iPhone.ActiveCfg = Debug|Any CPU
		{8DD64822-57A3-4FE9-9BFB-45B35AEB6164}.Debug|iPhone.Build.0 = Debug|Any CPU
		{8DD64822-57A3-4FE9-9BFB-45B35AEB6164}.Debug|iPhoneSimulator.ActiveCfg = Debug|Any CPU
		{8DD64822-57A3-4FE9-9BFB-45B35AEB6164}.Debug|iPhoneSimulator.Build.0 = Debug|Any CPU
		{8DD64822-57A3-4FE9-9BFB-45B35AEB6164}.Debug|x64.ActiveCfg = Debug|Any CPU
		{8DD64822-57A3-4FE9-9BFB-45B35AEB6164}.Debug|x64.Build.0 = Debug|Any CPU
		{8DD64822-57A3-4FE9-9BFB-45B35AEB6164}.Debug|x86.ActiveCfg = Debug|Any CPU
		{8DD64822-57A3-4FE9-9BFB-45B35AEB6164}.Debug|x86.Build.0 = Debug|Any CPU
		{8DD64822-57A3-4FE9-9BFB-45B35AEB6164}.Release|Any CPU.ActiveCfg = Release|Any CPU
		{8DD64822-57A3-4FE9-9BFB-45B35AEB6164}.Release|Any CPU.Build.0 = Release|Any CPU
		{8DD64822-57A3-4FE9-9BFB-45B35AEB6164}.Release|ARM.ActiveCfg = Release|Any CPU
		{8DD64822-57A3-4FE9-9BFB-45B35AEB6164}.Release|ARM.Build.0 = Release|Any CPU
		{8DD64822-57A3-4FE9-9BFB-45B35AEB6164}.Release|iPhone.ActiveCfg = Release|Any CPU
		{8DD64822-57A3-4FE9-9BFB-45B35AEB6164}.Release|iPhone.Build.0 = Release|Any CPU
		{8DD64822-57A3-4FE9-9BFB-45B35AEB6164}.Release|iPhoneSimulator.ActiveCfg = Release|Any CPU
		{8DD64822-57A3-4FE9-9BFB-45B35AEB6164}.Release|iPhoneSimulator.Build.0 = Release|Any CPU
		{8DD64822-57A3-4FE9-9BFB-45B35AEB6164}.Release|x64.ActiveCfg = Release|Any CPU
		{8DD64822-57A3-4FE9-9BFB-45B35AEB6164}.Release|x64.Build.0 = Release|Any CPU
		{8DD64822-57A3-4FE9-9BFB-45B35AEB6164}.Release|x86.ActiveCfg = Release|Any CPU
		{8DD64822-57A3-4FE9-9BFB-45B35AEB6164}.Release|x86.Build.0 = Release|Any CPU
		{BF31E501-7C92-4B90-BDC7-6323295CBC52}.Ad-Hoc|Any CPU.ActiveCfg = Release|Any CPU
		{BF31E501-7C92-4B90-BDC7-6323295CBC52}.Ad-Hoc|Any CPU.Build.0 = Release|Any CPU
		{BF31E501-7C92-4B90-BDC7-6323295CBC52}.Ad-Hoc|ARM.ActiveCfg = Release|Any CPU
		{BF31E501-7C92-4B90-BDC7-6323295CBC52}.Ad-Hoc|ARM.Build.0 = Release|Any CPU
		{BF31E501-7C92-4B90-BDC7-6323295CBC52}.Ad-Hoc|iPhone.ActiveCfg = Release|Any CPU
		{BF31E501-7C92-4B90-BDC7-6323295CBC52}.Ad-Hoc|iPhone.Build.0 = Release|Any CPU
		{BF31E501-7C92-4B90-BDC7-6323295CBC52}.Ad-Hoc|iPhoneSimulator.ActiveCfg = Release|Any CPU
		{BF31E501-7C92-4B90-BDC7-6323295CBC52}.Ad-Hoc|iPhoneSimulator.Build.0 = Release|Any CPU
		{BF31E501-7C92-4B90-BDC7-6323295CBC52}.Ad-Hoc|x64.ActiveCfg = Release|Any CPU
		{BF31E501-7C92-4B90-BDC7-6323295CBC52}.Ad-Hoc|x64.Build.0 = Release|Any CPU
		{BF31E501-7C92-4B90-BDC7-6323295CBC52}.Ad-Hoc|x86.ActiveCfg = Release|Any CPU
		{BF31E501-7C92-4B90-BDC7-6323295CBC52}.Ad-Hoc|x86.Build.0 = Release|Any CPU
		{BF31E501-7C92-4B90-BDC7-6323295CBC52}.AppStore|Any CPU.ActiveCfg = Release|Any CPU
		{BF31E501-7C92-4B90-BDC7-6323295CBC52}.AppStore|Any CPU.Build.0 = Release|Any CPU
		{BF31E501-7C92-4B90-BDC7-6323295CBC52}.AppStore|ARM.ActiveCfg = Release|Any CPU
		{BF31E501-7C92-4B90-BDC7-6323295CBC52}.AppStore|ARM.Build.0 = Release|Any CPU
		{BF31E501-7C92-4B90-BDC7-6323295CBC52}.AppStore|iPhone.ActiveCfg = Release|Any CPU
		{BF31E501-7C92-4B90-BDC7-6323295CBC52}.AppStore|iPhone.Build.0 = Release|Any CPU
		{BF31E501-7C92-4B90-BDC7-6323295CBC52}.AppStore|iPhoneSimulator.ActiveCfg = Release|Any CPU
		{BF31E501-7C92-4B90-BDC7-6323295CBC52}.AppStore|iPhoneSimulator.Build.0 = Release|Any CPU
		{BF31E501-7C92-4B90-BDC7-6323295CBC52}.AppStore|x64.ActiveCfg = Release|Any CPU
		{BF31E501-7C92-4B90-BDC7-6323295CBC52}.AppStore|x64.Build.0 = Release|Any CPU
		{BF31E501-7C92-4B90-BDC7-6323295CBC52}.AppStore|x86.ActiveCfg = Release|Any CPU
		{BF31E501-7C92-4B90-BDC7-6323295CBC52}.AppStore|x86.Build.0 = Release|Any CPU
		{BF31E501-7C92-4B90-BDC7-6323295CBC52}.Debug|Any CPU.ActiveCfg = Debug|Any CPU
		{BF31E501-7C92-4B90-BDC7-6323295CBC52}.Debug|Any CPU.Build.0 = Debug|Any CPU
		{BF31E501-7C92-4B90-BDC7-6323295CBC52}.Debug|ARM.ActiveCfg = Debug|Any CPU
		{BF31E501-7C92-4B90-BDC7-6323295CBC52}.Debug|ARM.Build.0 = Debug|Any CPU
		{BF31E501-7C92-4B90-BDC7-6323295CBC52}.Debug|iPhone.ActiveCfg = Debug|Any CPU
		{BF31E501-7C92-4B90-BDC7-6323295CBC52}.Debug|iPhone.Build.0 = Debug|Any CPU
		{BF31E501-7C92-4B90-BDC7-6323295CBC52}.Debug|iPhoneSimulator.ActiveCfg = Debug|Any CPU
		{BF31E501-7C92-4B90-BDC7-6323295CBC52}.Debug|iPhoneSimulator.Build.0 = Debug|Any CPU
		{BF31E501-7C92-4B90-BDC7-6323295CBC52}.Debug|x64.ActiveCfg = Debug|Any CPU
		{BF31E501-7C92-4B90-BDC7-6323295CBC52}.Debug|x64.Build.0 = Debug|Any CPU
		{BF31E501-7C92-4B90-BDC7-6323295CBC52}.Debug|x86.ActiveCfg = Debug|Any CPU
		{BF31E501-7C92-4B90-BDC7-6323295CBC52}.Debug|x86.Build.0 = Debug|Any CPU
		{BF31E501-7C92-4B90-BDC7-6323295CBC52}.Release|Any CPU.ActiveCfg = Release|Any CPU
		{BF31E501-7C92-4B90-BDC7-6323295CBC52}.Release|Any CPU.Build.0 = Release|Any CPU
		{BF31E501-7C92-4B90-BDC7-6323295CBC52}.Release|ARM.ActiveCfg = Release|Any CPU
		{BF31E501-7C92-4B90-BDC7-6323295CBC52}.Release|ARM.Build.0 = Release|Any CPU
		{BF31E501-7C92-4B90-BDC7-6323295CBC52}.Release|iPhone.ActiveCfg = Release|Any CPU
		{BF31E501-7C92-4B90-BDC7-6323295CBC52}.Release|iPhone.Build.0 = Release|Any CPU
		{BF31E501-7C92-4B90-BDC7-6323295CBC52}.Release|iPhoneSimulator.ActiveCfg = Release|Any CPU
		{BF31E501-7C92-4B90-BDC7-6323295CBC52}.Release|iPhoneSimulator.Build.0 = Release|Any CPU
		{BF31E501-7C92-4B90-BDC7-6323295CBC52}.Release|x64.ActiveCfg = Release|Any CPU
		{BF31E501-7C92-4B90-BDC7-6323295CBC52}.Release|x64.Build.0 = Release|Any CPU
		{BF31E501-7C92-4B90-BDC7-6323295CBC52}.Release|x86.ActiveCfg = Release|Any CPU
		{BF31E501-7C92-4B90-BDC7-6323295CBC52}.Release|x86.Build.0 = Release|Any CPU
		{D158E046-BC30-4726-9F11-7A8FE09A0701}.Ad-Hoc|Any CPU.ActiveCfg = Release|Any CPU
		{D158E046-BC30-4726-9F11-7A8FE09A0701}.Ad-Hoc|Any CPU.Build.0 = Release|Any CPU
		{D158E046-BC30-4726-9F11-7A8FE09A0701}.Ad-Hoc|ARM.ActiveCfg = Release|Any CPU
		{D158E046-BC30-4726-9F11-7A8FE09A0701}.Ad-Hoc|ARM.Build.0 = Release|Any CPU
		{D158E046-BC30-4726-9F11-7A8FE09A0701}.Ad-Hoc|iPhone.ActiveCfg = Release|Any CPU
		{D158E046-BC30-4726-9F11-7A8FE09A0701}.Ad-Hoc|iPhone.Build.0 = Release|Any CPU
		{D158E046-BC30-4726-9F11-7A8FE09A0701}.Ad-Hoc|iPhoneSimulator.ActiveCfg = Release|Any CPU
		{D158E046-BC30-4726-9F11-7A8FE09A0701}.Ad-Hoc|iPhoneSimulator.Build.0 = Release|Any CPU
		{D158E046-BC30-4726-9F11-7A8FE09A0701}.Ad-Hoc|x64.ActiveCfg = Release|Any CPU
		{D158E046-BC30-4726-9F11-7A8FE09A0701}.Ad-Hoc|x64.Build.0 = Release|Any CPU
		{D158E046-BC30-4726-9F11-7A8FE09A0701}.Ad-Hoc|x86.ActiveCfg = Release|Any CPU
		{D158E046-BC30-4726-9F11-7A8FE09A0701}.Ad-Hoc|x86.Build.0 = Release|Any CPU
		{D158E046-BC30-4726-9F11-7A8FE09A0701}.AppStore|Any CPU.ActiveCfg = Release|Any CPU
		{D158E046-BC30-4726-9F11-7A8FE09A0701}.AppStore|Any CPU.Build.0 = Release|Any CPU
		{D158E046-BC30-4726-9F11-7A8FE09A0701}.AppStore|ARM.ActiveCfg = Release|Any CPU
		{D158E046-BC30-4726-9F11-7A8FE09A0701}.AppStore|ARM.Build.0 = Release|Any CPU
		{D158E046-BC30-4726-9F11-7A8FE09A0701}.AppStore|iPhone.ActiveCfg = Release|Any CPU
		{D158E046-BC30-4726-9F11-7A8FE09A0701}.AppStore|iPhone.Build.0 = Release|Any CPU
		{D158E046-BC30-4726-9F11-7A8FE09A0701}.AppStore|iPhoneSimulator.ActiveCfg = Release|Any CPU
		{D158E046-BC30-4726-9F11-7A8FE09A0701}.AppStore|iPhoneSimulator.Build.0 = Release|Any CPU
		{D158E046-BC30-4726-9F11-7A8FE09A0701}.AppStore|x64.ActiveCfg = Release|Any CPU
		{D158E046-BC30-4726-9F11-7A8FE09A0701}.AppStore|x64.Build.0 = Release|Any CPU
		{D158E046-BC30-4726-9F11-7A8FE09A0701}.AppStore|x86.ActiveCfg = Release|Any CPU
		{D158E046-BC30-4726-9F11-7A8FE09A0701}.AppStore|x86.Build.0 = Release|Any CPU
		{D158E046-BC30-4726-9F11-7A8FE09A0701}.Debug|Any CPU.ActiveCfg = Debug|Any CPU
		{D158E046-BC30-4726-9F11-7A8FE09A0701}.Debug|Any CPU.Build.0 = Debug|Any CPU
		{D158E046-BC30-4726-9F11-7A8FE09A0701}.Debug|ARM.ActiveCfg = Debug|Any CPU
		{D158E046-BC30-4726-9F11-7A8FE09A0701}.Debug|ARM.Build.0 = Debug|Any CPU
		{D158E046-BC30-4726-9F11-7A8FE09A0701}.Debug|iPhone.ActiveCfg = Debug|Any CPU
		{D158E046-BC30-4726-9F11-7A8FE09A0701}.Debug|iPhone.Build.0 = Debug|Any CPU
		{D158E046-BC30-4726-9F11-7A8FE09A0701}.Debug|iPhoneSimulator.ActiveCfg = Debug|Any CPU
		{D158E046-BC30-4726-9F11-7A8FE09A0701}.Debug|iPhoneSimulator.Build.0 = Debug|Any CPU
		{D158E046-BC30-4726-9F11-7A8FE09A0701}.Debug|x64.ActiveCfg = Debug|Any CPU
		{D158E046-BC30-4726-9F11-7A8FE09A0701}.Debug|x64.Build.0 = Debug|Any CPU
		{D158E046-BC30-4726-9F11-7A8FE09A0701}.Debug|x86.ActiveCfg = Debug|Any CPU
		{D158E046-BC30-4726-9F11-7A8FE09A0701}.Debug|x86.Build.0 = Debug|Any CPU
		{D158E046-BC30-4726-9F11-7A8FE09A0701}.Release|Any CPU.ActiveCfg = Release|Any CPU
		{D158E046-BC30-4726-9F11-7A8FE09A0701}.Release|Any CPU.Build.0 = Release|Any CPU
		{D158E046-BC30-4726-9F11-7A8FE09A0701}.Release|ARM.ActiveCfg = Release|Any CPU
		{D158E046-BC30-4726-9F11-7A8FE09A0701}.Release|ARM.Build.0 = Release|Any CPU
		{D158E046-BC30-4726-9F11-7A8FE09A0701}.Release|iPhone.ActiveCfg = Release|Any CPU
		{D158E046-BC30-4726-9F11-7A8FE09A0701}.Release|iPhone.Build.0 = Release|Any CPU
		{D158E046-BC30-4726-9F11-7A8FE09A0701}.Release|iPhoneSimulator.ActiveCfg = Release|Any CPU
		{D158E046-BC30-4726-9F11-7A8FE09A0701}.Release|iPhoneSimulator.Build.0 = Release|Any CPU
		{D158E046-BC30-4726-9F11-7A8FE09A0701}.Release|x64.ActiveCfg = Release|Any CPU
		{D158E046-BC30-4726-9F11-7A8FE09A0701}.Release|x64.Build.0 = Release|Any CPU
		{D158E046-BC30-4726-9F11-7A8FE09A0701}.Release|x86.ActiveCfg = Release|Any CPU
		{D158E046-BC30-4726-9F11-7A8FE09A0701}.Release|x86.Build.0 = Release|Any CPU
		{C610737E-E8B6-4CF4-834C-A5EBCF6F2219}.Ad-Hoc|Any CPU.ActiveCfg = Release|Any CPU
		{C610737E-E8B6-4CF4-834C-A5EBCF6F2219}.Ad-Hoc|Any CPU.Build.0 = Release|Any CPU
		{C610737E-E8B6-4CF4-834C-A5EBCF6F2219}.Ad-Hoc|ARM.ActiveCfg = Release|Any CPU
		{C610737E-E8B6-4CF4-834C-A5EBCF6F2219}.Ad-Hoc|ARM.Build.0 = Release|Any CPU
		{C610737E-E8B6-4CF4-834C-A5EBCF6F2219}.Ad-Hoc|iPhone.ActiveCfg = Release|Any CPU
		{C610737E-E8B6-4CF4-834C-A5EBCF6F2219}.Ad-Hoc|iPhone.Build.0 = Release|Any CPU
		{C610737E-E8B6-4CF4-834C-A5EBCF6F2219}.Ad-Hoc|iPhoneSimulator.ActiveCfg = Release|Any CPU
		{C610737E-E8B6-4CF4-834C-A5EBCF6F2219}.Ad-Hoc|iPhoneSimulator.Build.0 = Release|Any CPU
		{C610737E-E8B6-4CF4-834C-A5EBCF6F2219}.Ad-Hoc|x64.ActiveCfg = Release|Any CPU
		{C610737E-E8B6-4CF4-834C-A5EBCF6F2219}.Ad-Hoc|x64.Build.0 = Release|Any CPU
		{C610737E-E8B6-4CF4-834C-A5EBCF6F2219}.Ad-Hoc|x86.ActiveCfg = Release|Any CPU
		{C610737E-E8B6-4CF4-834C-A5EBCF6F2219}.Ad-Hoc|x86.Build.0 = Release|Any CPU
		{C610737E-E8B6-4CF4-834C-A5EBCF6F2219}.AppStore|Any CPU.ActiveCfg = Release|Any CPU
		{C610737E-E8B6-4CF4-834C-A5EBCF6F2219}.AppStore|Any CPU.Build.0 = Release|Any CPU
		{C610737E-E8B6-4CF4-834C-A5EBCF6F2219}.AppStore|ARM.ActiveCfg = Release|Any CPU
		{C610737E-E8B6-4CF4-834C-A5EBCF6F2219}.AppStore|ARM.Build.0 = Release|Any CPU
		{C610737E-E8B6-4CF4-834C-A5EBCF6F2219}.AppStore|iPhone.ActiveCfg = Release|Any CPU
		{C610737E-E8B6-4CF4-834C-A5EBCF6F2219}.AppStore|iPhone.Build.0 = Release|Any CPU
		{C610737E-E8B6-4CF4-834C-A5EBCF6F2219}.AppStore|iPhoneSimulator.ActiveCfg = Release|Any CPU
		{C610737E-E8B6-4CF4-834C-A5EBCF6F2219}.AppStore|iPhoneSimulator.Build.0 = Release|Any CPU
		{C610737E-E8B6-4CF4-834C-A5EBCF6F2219}.AppStore|x64.ActiveCfg = Release|Any CPU
		{C610737E-E8B6-4CF4-834C-A5EBCF6F2219}.AppStore|x64.Build.0 = Release|Any CPU
		{C610737E-E8B6-4CF4-834C-A5EBCF6F2219}.AppStore|x86.ActiveCfg = Release|Any CPU
		{C610737E-E8B6-4CF4-834C-A5EBCF6F2219}.AppStore|x86.Build.0 = Release|Any CPU
		{C610737E-E8B6-4CF4-834C-A5EBCF6F2219}.Debug|Any CPU.ActiveCfg = Debug|Any CPU
		{C610737E-E8B6-4CF4-834C-A5EBCF6F2219}.Debug|Any CPU.Build.0 = Debug|Any CPU
		{C610737E-E8B6-4CF4-834C-A5EBCF6F2219}.Debug|ARM.ActiveCfg = Debug|Any CPU
		{C610737E-E8B6-4CF4-834C-A5EBCF6F2219}.Debug|ARM.Build.0 = Debug|Any CPU
		{C610737E-E8B6-4CF4-834C-A5EBCF6F2219}.Debug|iPhone.ActiveCfg = Debug|Any CPU
		{C610737E-E8B6-4CF4-834C-A5EBCF6F2219}.Debug|iPhone.Build.0 = Debug|Any CPU
		{C610737E-E8B6-4CF4-834C-A5EBCF6F2219}.Debug|iPhoneSimulator.ActiveCfg = Debug|Any CPU
		{C610737E-E8B6-4CF4-834C-A5EBCF6F2219}.Debug|iPhoneSimulator.Build.0 = Debug|Any CPU
		{C610737E-E8B6-4CF4-834C-A5EBCF6F2219}.Debug|x64.ActiveCfg = Debug|Any CPU
		{C610737E-E8B6-4CF4-834C-A5EBCF6F2219}.Debug|x64.Build.0 = Debug|Any CPU
		{C610737E-E8B6-4CF4-834C-A5EBCF6F2219}.Debug|x86.ActiveCfg = Debug|Any CPU
		{C610737E-E8B6-4CF4-834C-A5EBCF6F2219}.Debug|x86.Build.0 = Debug|Any CPU
		{C610737E-E8B6-4CF4-834C-A5EBCF6F2219}.Release|Any CPU.ActiveCfg = Release|Any CPU
		{C610737E-E8B6-4CF4-834C-A5EBCF6F2219}.Release|Any CPU.Build.0 = Release|Any CPU
		{C610737E-E8B6-4CF4-834C-A5EBCF6F2219}.Release|ARM.ActiveCfg = Release|Any CPU
		{C610737E-E8B6-4CF4-834C-A5EBCF6F2219}.Release|ARM.Build.0 = Release|Any CPU
		{C610737E-E8B6-4CF4-834C-A5EBCF6F2219}.Release|iPhone.ActiveCfg = Release|Any CPU
		{C610737E-E8B6-4CF4-834C-A5EBCF6F2219}.Release|iPhone.Build.0 = Release|Any CPU
		{C610737E-E8B6-4CF4-834C-A5EBCF6F2219}.Release|iPhoneSimulator.ActiveCfg = Release|Any CPU
		{C610737E-E8B6-4CF4-834C-A5EBCF6F2219}.Release|iPhoneSimulator.Build.0 = Release|Any CPU
		{C610737E-E8B6-4CF4-834C-A5EBCF6F2219}.Release|x64.ActiveCfg = Release|Any CPU
		{C610737E-E8B6-4CF4-834C-A5EBCF6F2219}.Release|x64.Build.0 = Release|Any CPU
		{C610737E-E8B6-4CF4-834C-A5EBCF6F2219}.Release|x86.ActiveCfg = Release|Any CPU
		{C610737E-E8B6-4CF4-834C-A5EBCF6F2219}.Release|x86.Build.0 = Release|Any CPU
		{6507B5F9-82B7-4E24-9B1F-8BFF65EB17C4}.Ad-Hoc|Any CPU.ActiveCfg = Release|Any CPU
		{6507B5F9-82B7-4E24-9B1F-8BFF65EB17C4}.Ad-Hoc|Any CPU.Build.0 = Release|Any CPU
		{6507B5F9-82B7-4E24-9B1F-8BFF65EB17C4}.Ad-Hoc|ARM.ActiveCfg = Release|Any CPU
		{6507B5F9-82B7-4E24-9B1F-8BFF65EB17C4}.Ad-Hoc|ARM.Build.0 = Release|Any CPU
		{6507B5F9-82B7-4E24-9B1F-8BFF65EB17C4}.Ad-Hoc|iPhone.ActiveCfg = Release|Any CPU
		{6507B5F9-82B7-4E24-9B1F-8BFF65EB17C4}.Ad-Hoc|iPhone.Build.0 = Release|Any CPU
		{6507B5F9-82B7-4E24-9B1F-8BFF65EB17C4}.Ad-Hoc|iPhoneSimulator.ActiveCfg = Release|Any CPU
		{6507B5F9-82B7-4E24-9B1F-8BFF65EB17C4}.Ad-Hoc|iPhoneSimulator.Build.0 = Release|Any CPU
		{6507B5F9-82B7-4E24-9B1F-8BFF65EB17C4}.Ad-Hoc|x64.ActiveCfg = Release|Any CPU
		{6507B5F9-82B7-4E24-9B1F-8BFF65EB17C4}.Ad-Hoc|x64.Build.0 = Release|Any CPU
		{6507B5F9-82B7-4E24-9B1F-8BFF65EB17C4}.Ad-Hoc|x86.ActiveCfg = Release|Any CPU
		{6507B5F9-82B7-4E24-9B1F-8BFF65EB17C4}.Ad-Hoc|x86.Build.0 = Release|Any CPU
		{6507B5F9-82B7-4E24-9B1F-8BFF65EB17C4}.AppStore|Any CPU.ActiveCfg = Release|Any CPU
		{6507B5F9-82B7-4E24-9B1F-8BFF65EB17C4}.AppStore|Any CPU.Build.0 = Release|Any CPU
		{6507B5F9-82B7-4E24-9B1F-8BFF65EB17C4}.AppStore|ARM.ActiveCfg = Release|Any CPU
		{6507B5F9-82B7-4E24-9B1F-8BFF65EB17C4}.AppStore|ARM.Build.0 = Release|Any CPU
		{6507B5F9-82B7-4E24-9B1F-8BFF65EB17C4}.AppStore|iPhone.ActiveCfg = Release|Any CPU
		{6507B5F9-82B7-4E24-9B1F-8BFF65EB17C4}.AppStore|iPhone.Build.0 = Release|Any CPU
		{6507B5F9-82B7-4E24-9B1F-8BFF65EB17C4}.AppStore|iPhoneSimulator.ActiveCfg = Release|Any CPU
		{6507B5F9-82B7-4E24-9B1F-8BFF65EB17C4}.AppStore|iPhoneSimulator.Build.0 = Release|Any CPU
		{6507B5F9-82B7-4E24-9B1F-8BFF65EB17C4}.AppStore|x64.ActiveCfg = Release|Any CPU
		{6507B5F9-82B7-4E24-9B1F-8BFF65EB17C4}.AppStore|x64.Build.0 = Release|Any CPU
		{6507B5F9-82B7-4E24-9B1F-8BFF65EB17C4}.AppStore|x86.ActiveCfg = Release|Any CPU
		{6507B5F9-82B7-4E24-9B1F-8BFF65EB17C4}.AppStore|x86.Build.0 = Release|Any CPU
		{6507B5F9-82B7-4E24-9B1F-8BFF65EB17C4}.Debug|Any CPU.ActiveCfg = Debug|Any CPU
		{6507B5F9-82B7-4E24-9B1F-8BFF65EB17C4}.Debug|Any CPU.Build.0 = Debug|Any CPU
		{6507B5F9-82B7-4E24-9B1F-8BFF65EB17C4}.Debug|ARM.ActiveCfg = Debug|Any CPU
		{6507B5F9-82B7-4E24-9B1F-8BFF65EB17C4}.Debug|ARM.Build.0 = Debug|Any CPU
		{6507B5F9-82B7-4E24-9B1F-8BFF65EB17C4}.Debug|iPhone.ActiveCfg = Debug|Any CPU
		{6507B5F9-82B7-4E24-9B1F-8BFF65EB17C4}.Debug|iPhone.Build.0 = Debug|Any CPU
		{6507B5F9-82B7-4E24-9B1F-8BFF65EB17C4}.Debug|iPhoneSimulator.ActiveCfg = Debug|Any CPU
		{6507B5F9-82B7-4E24-9B1F-8BFF65EB17C4}.Debug|iPhoneSimulator.Build.0 = Debug|Any CPU
		{6507B5F9-82B7-4E24-9B1F-8BFF65EB17C4}.Debug|x64.ActiveCfg = Debug|Any CPU
		{6507B5F9-82B7-4E24-9B1F-8BFF65EB17C4}.Debug|x64.Build.0 = Debug|Any CPU
		{6507B5F9-82B7-4E24-9B1F-8BFF65EB17C4}.Debug|x86.ActiveCfg = Debug|Any CPU
		{6507B5F9-82B7-4E24-9B1F-8BFF65EB17C4}.Debug|x86.Build.0 = Debug|Any CPU
		{6507B5F9-82B7-4E24-9B1F-8BFF65EB17C4}.Release|Any CPU.ActiveCfg = Release|Any CPU
		{6507B5F9-82B7-4E24-9B1F-8BFF65EB17C4}.Release|Any CPU.Build.0 = Release|Any CPU
		{6507B5F9-82B7-4E24-9B1F-8BFF65EB17C4}.Release|ARM.ActiveCfg = Release|Any CPU
		{6507B5F9-82B7-4E24-9B1F-8BFF65EB17C4}.Release|ARM.Build.0 = Release|Any CPU
		{6507B5F9-82B7-4E24-9B1F-8BFF65EB17C4}.Release|iPhone.ActiveCfg = Release|Any CPU
		{6507B5F9-82B7-4E24-9B1F-8BFF65EB17C4}.Release|iPhone.Build.0 = Release|Any CPU
		{6507B5F9-82B7-4E24-9B1F-8BFF65EB17C4}.Release|iPhoneSimulator.ActiveCfg = Release|Any CPU
		{6507B5F9-82B7-4E24-9B1F-8BFF65EB17C4}.Release|iPhoneSimulator.Build.0 = Release|Any CPU
		{6507B5F9-82B7-4E24-9B1F-8BFF65EB17C4}.Release|x64.ActiveCfg = Release|Any CPU
		{6507B5F9-82B7-4E24-9B1F-8BFF65EB17C4}.Release|x64.Build.0 = Release|Any CPU
		{6507B5F9-82B7-4E24-9B1F-8BFF65EB17C4}.Release|x86.ActiveCfg = Release|Any CPU
		{6507B5F9-82B7-4E24-9B1F-8BFF65EB17C4}.Release|x86.Build.0 = Release|Any CPU
	EndGlobalSection
	GlobalSection(SolutionProperties) = preSolution
		HideSolutionNode = FALSE
	EndGlobalSection
	GlobalSection(NestedProjects) = preSolution
		{DBBF9839-EDF4-4A00-A29D-96F82B5DB61A} = {D6D0FEFE-EB75-4AF8-91AE-786886C9C1B5}
		{E3ABDC0D-2ECC-4F4E-AA12-B17716231C90} = {D6D0FEFE-EB75-4AF8-91AE-786886C9C1B5}
		{8956329E-2087-41C7-9273-76900B0A217A} = {E3ABDC0D-2ECC-4F4E-AA12-B17716231C90}
		{17F95D3F-8E66-4E15-AB16-9A537901321D} = {DBBF9839-EDF4-4A00-A29D-96F82B5DB61A}
		{52FF5DEF-7C63-4C7C-A3D2-D8D90222B44E} = {D6D0FEFE-EB75-4AF8-91AE-786886C9C1B5}
		{9BE2C151-3510-4B48-89D3-3A7CADD8B804} = {52FF5DEF-7C63-4C7C-A3D2-D8D90222B44E}
		{8607C471-BAF3-427E-910A-23D3A1AA6FEE} = {D6D0FEFE-EB75-4AF8-91AE-786886C9C1B5}
		{DC12F793-3335-4054-874B-B52B8AE693B6} = {8607C471-BAF3-427E-910A-23D3A1AA6FEE}
		{B04A2021-0569-4552-9A98-2717BA1A2FE6} = {D6D0FEFE-EB75-4AF8-91AE-786886C9C1B5}
		{9C1AD7CA-B144-4513-B8AB-AB9EF991E122} = {B04A2021-0569-4552-9A98-2717BA1A2FE6}
		{7D652CE8-5A35-49EB-ABA0-39302F3B967F} = {D6D0FEFE-EB75-4AF8-91AE-786886C9C1B5}
		{444C4EA5-608F-4C9E-82D3-6750C846F0E7} = {7D652CE8-5A35-49EB-ABA0-39302F3B967F}
		{104CDEBB-6872-457C-BDEE-DE9161AA40E9} = {D6D0FEFE-EB75-4AF8-91AE-786886C9C1B5}
		{DC4B2B3E-2BD9-4750-95E1-FAF485D5C394} = {104CDEBB-6872-457C-BDEE-DE9161AA40E9}
		{1FBDCDD1-3559-43D1-A32F-2F8CEEA72116} = {D6D0FEFE-EB75-4AF8-91AE-786886C9C1B5}
		{ECA521F1-372C-4841-9B7E-86F1D612938E} = {1FBDCDD1-3559-43D1-A32F-2F8CEEA72116}
		{D19DAA47-6696-40F4-8D7C-591A16D3991E} = {7D652CE8-5A35-49EB-ABA0-39302F3B967F}
		{C8FE4F23-70B6-475D-9B87-BD655B8CD22D} = {52FF5DEF-7C63-4C7C-A3D2-D8D90222B44E}
		{5187AA08-61CB-4749-81D5-4B78DC81633F} = {104CDEBB-6872-457C-BDEE-DE9161AA40E9}
		{8DD64822-57A3-4FE9-9BFB-45B35AEB6164} = {8607C471-BAF3-427E-910A-23D3A1AA6FEE}
		{BF31E501-7C92-4B90-BDC7-6323295CBC52} = {DBBF9839-EDF4-4A00-A29D-96F82B5DB61A}
		{D158E046-BC30-4726-9F11-7A8FE09A0701} = {B04A2021-0569-4552-9A98-2717BA1A2FE6}
		{C610737E-E8B6-4CF4-834C-A5EBCF6F2219} = {E3ABDC0D-2ECC-4F4E-AA12-B17716231C90}
		{6507B5F9-82B7-4E24-9B1F-8BFF65EB17C4} = {1FBDCDD1-3559-43D1-A32F-2F8CEEA72116}
	EndGlobalSection
EndGlobal
